// !$*UTF8*$!
{
	archiveVersion = 1;
	classes = {
	};
	objectVersion = 50;
	objects = {

/* Begin PBXBuildFile section */
		16751DC8268C4970003EE7AF /* Tests_iOS.swift in Sources */ = {isa = PBXBuildFile; fileRef = 16751DC7268C4970003EE7AF /* Tests_iOS.swift */; };
		16751DD3268C4970003EE7AF /* Tests_macOS.swift in Sources */ = {isa = PBXBuildFile; fileRef = 16751DD2268C4970003EE7AF /* Tests_macOS.swift */; };
		16751DD5268C4970003EE7AF /* MultiplatformTestApp.swift in Sources */ = {isa = PBXBuildFile; fileRef = 16751DAC268C496F003EE7AF /* MultiplatformTestApp.swift */; };
		16751DD6268C4970003EE7AF /* MultiplatformTestApp.swift in Sources */ = {isa = PBXBuildFile; fileRef = 16751DAC268C496F003EE7AF /* MultiplatformTestApp.swift */; };
		16751DD7268C4970003EE7AF /* ContentView.swift in Sources */ = {isa = PBXBuildFile; fileRef = 16751DAD268C496F003EE7AF /* ContentView.swift */; };
		16751DD8268C4970003EE7AF /* ContentView.swift in Sources */ = {isa = PBXBuildFile; fileRef = 16751DAD268C496F003EE7AF /* ContentView.swift */; };
		16751DD9268C4970003EE7AF /* Assets.xcassets in Resources */ = {isa = PBXBuildFile; fileRef = 16751DAE268C4970003EE7AF /* Assets.xcassets */; };
		16751DDA268C4970003EE7AF /* Assets.xcassets in Resources */ = {isa = PBXBuildFile; fileRef = 16751DAE268C4970003EE7AF /* Assets.xcassets */; };
		16751DEA268C4CC6003EE7AF /* PlayData.swift in Sources */ = {isa = PBXBuildFile; fileRef = 16751DE9268C4CC6003EE7AF /* PlayData.swift */; };
		16751DEB268C4CC6003EE7AF /* PlayData.swift in Sources */ = {isa = PBXBuildFile; fileRef = 16751DE9268C4CC6003EE7AF /* PlayData.swift */; };
		16C3C272268C53B700D71507 /* Tests_Shared.swift in Sources */ = {isa = PBXBuildFile; fileRef = 16C3C271268C53B700D71507 /* Tests_Shared.swift */; };
/* End PBXBuildFile section */

/* Begin PBXContainerItemProxy section */
		16751DC4268C4970003EE7AF /* PBXContainerItemProxy */ = {
			isa = PBXContainerItemProxy;
			containerPortal = 16751DA7268C496F003EE7AF /* Project object */;
			proxyType = 1;
			remoteGlobalIDString = 16751DB2268C4970003EE7AF;
			remoteInfo = "JustTest (iOS)";
		};
		16751DCF268C4970003EE7AF /* PBXContainerItemProxy */ = {
			isa = PBXContainerItemProxy;
			containerPortal = 16751DA7268C496F003EE7AF /* Project object */;
			proxyType = 1;
			remoteGlobalIDString = 16751DBA268C4970003EE7AF;
			remoteInfo = "JustTest (macOS)";
		};
		16C3C274268C53B700D71507 /* PBXContainerItemProxy */ = {
			isa = PBXContainerItemProxy;
			containerPortal = 16751DA7268C496F003EE7AF /* Project object */;
			proxyType = 1;
			remoteGlobalIDString = 16751DB2268C4970003EE7AF;
			remoteInfo = "MultiplatformTest (iOS)";
		};
/* End PBXContainerItemProxy section */

/* Begin PBXFileReference section */
		16751DAC268C496F003EE7AF /* MultiplatformTestApp.swift */ = {isa = PBXFileReference; lastKnownFileType = sourcecode.swift; path = MultiplatformTestApp.swift; sourceTree = "<group>"; };
		16751DAD268C496F003EE7AF /* ContentView.swift */ = {isa = PBXFileReference; lastKnownFileType = sourcecode.swift; path = ContentView.swift; sourceTree = "<group>"; };
		16751DAE268C4970003EE7AF /* Assets.xcassets */ = {isa = PBXFileReference; lastKnownFileType = folder.assetcatalog; path = Assets.xcassets; sourceTree = "<group>"; };
		16751DB3268C4970003EE7AF /* MultiplatformTest.app */ = {isa = PBXFileReference; explicitFileType = wrapper.application; includeInIndex = 0; path = MultiplatformTest.app; sourceTree = BUILT_PRODUCTS_DIR; };
		16751DB6268C4970003EE7AF /* Info.plist */ = {isa = PBXFileReference; lastKnownFileType = text.plist.xml; path = Info.plist; sourceTree = "<group>"; };
		16751DBB268C4970003EE7AF /* MultiplatformTest.app */ = {isa = PBXFileReference; explicitFileType = wrapper.application; includeInIndex = 0; path = MultiplatformTest.app; sourceTree = BUILT_PRODUCTS_DIR; };
		16751DBD268C4970003EE7AF /* Info.plist */ = {isa = PBXFileReference; lastKnownFileType = text.plist.xml; path = Info.plist; sourceTree = "<group>"; };
		16751DBE268C4970003EE7AF /* macOS.entitlements */ = {isa = PBXFileReference; lastKnownFileType = text.plist.entitlements; path = macOS.entitlements; sourceTree = "<group>"; };
		16751DC3268C4970003EE7AF /* Tests iOS.xctest */ = {isa = PBXFileReference; explicitFileType = wrapper.cfbundle; includeInIndex = 0; path = "Tests iOS.xctest"; sourceTree = BUILT_PRODUCTS_DIR; };
		16751DC7268C4970003EE7AF /* Tests_iOS.swift */ = {isa = PBXFileReference; lastKnownFileType = sourcecode.swift; path = Tests_iOS.swift; sourceTree = "<group>"; };
		16751DC9268C4970003EE7AF /* Info.plist */ = {isa = PBXFileReference; lastKnownFileType = text.plist.xml; path = Info.plist; sourceTree = "<group>"; };
		16751DCE268C4970003EE7AF /* Tests macOS.xctest */ = {isa = PBXFileReference; explicitFileType = wrapper.cfbundle; includeInIndex = 0; path = "Tests macOS.xctest"; sourceTree = BUILT_PRODUCTS_DIR; };
		16751DD2268C4970003EE7AF /* Tests_macOS.swift */ = {isa = PBXFileReference; lastKnownFileType = sourcecode.swift; path = Tests_macOS.swift; sourceTree = "<group>"; };
		16751DD4268C4970003EE7AF /* Info.plist */ = {isa = PBXFileReference; lastKnownFileType = text.plist.xml; path = Info.plist; sourceTree = "<group>"; };
		16751DE9268C4CC6003EE7AF /* PlayData.swift */ = {isa = PBXFileReference; lastKnownFileType = sourcecode.swift; path = PlayData.swift; sourceTree = "<group>"; };
		16C3C26F268C53B700D71507 /* Tests Shared.xctest */ = {isa = PBXFileReference; explicitFileType = wrapper.cfbundle; includeInIndex = 0; path = "Tests Shared.xctest"; sourceTree = BUILT_PRODUCTS_DIR; };
		16C3C271268C53B700D71507 /* Tests_Shared.swift */ = {isa = PBXFileReference; lastKnownFileType = sourcecode.swift; path = Tests_Shared.swift; sourceTree = "<group>"; };
		16C3C273268C53B700D71507 /* Info.plist */ = {isa = PBXFileReference; lastKnownFileType = text.plist.xml; path = Info.plist; sourceTree = "<group>"; };
/* End PBXFileReference section */

/* Begin PBXFrameworksBuildPhase section */
		16751DB0268C4970003EE7AF /* Frameworks */ = {
			isa = PBXFrameworksBuildPhase;
			buildActionMask = 2147483647;
			files = (
			);
			runOnlyForDeploymentPostprocessing = 0;
		};
		16751DB8268C4970003EE7AF /* Frameworks */ = {
			isa = PBXFrameworksBuildPhase;
			buildActionMask = 2147483647;
			files = (
			);
			runOnlyForDeploymentPostprocessing = 0;
		};
		16751DC0268C4970003EE7AF /* Frameworks */ = {
			isa = PBXFrameworksBuildPhase;
			buildActionMask = 2147483647;
			files = (
			);
			runOnlyForDeploymentPostprocessing = 0;
		};
		16751DCB268C4970003EE7AF /* Frameworks */ = {
			isa = PBXFrameworksBuildPhase;
			buildActionMask = 2147483647;
			files = (
			);
			runOnlyForDeploymentPostprocessing = 0;
		};
		16C3C26C268C53B700D71507 /* Frameworks */ = {
			isa = PBXFrameworksBuildPhase;
			buildActionMask = 2147483647;
			files = (
			);
			runOnlyForDeploymentPostprocessing = 0;
		};
/* End PBXFrameworksBuildPhase section */

/* Begin PBXGroup section */
		16751DA6268C496F003EE7AF = {
			isa = PBXGroup;
			children = (
				16751DAB268C496F003EE7AF /* Shared */,
				16751DB5268C4970003EE7AF /* iOS */,
				16751DBC268C4970003EE7AF /* macOS */,
				16751DC6268C4970003EE7AF /* Tests iOS */,
				16751DD1268C4970003EE7AF /* Tests macOS */,
				16C3C270268C53B700D71507 /* Tests Shared */,
				16751DB4268C4970003EE7AF /* Products */,
			);
			sourceTree = "<group>";
		};
		16751DAB268C496F003EE7AF /* Shared */ = {
			isa = PBXGroup;
			children = (
				16751DAC268C496F003EE7AF /* MultiplatformTestApp.swift */,
				16751DAD268C496F003EE7AF /* ContentView.swift */,
				16751DAE268C4970003EE7AF /* Assets.xcassets */,
				16751DE9268C4CC6003EE7AF /* PlayData.swift */,
			);
			path = Shared;
			sourceTree = "<group>";
		};
		16751DB4268C4970003EE7AF /* Products */ = {
			isa = PBXGroup;
			children = (
				16751DB3268C4970003EE7AF /* MultiplatformTest.app */,
				16751DBB268C4970003EE7AF /* MultiplatformTest.app */,
				16751DC3268C4970003EE7AF /* Tests iOS.xctest */,
				16751DCE268C4970003EE7AF /* Tests macOS.xctest */,
				16C3C26F268C53B700D71507 /* Tests Shared.xctest */,
			);
			name = Products;
			sourceTree = "<group>";
		};
		16751DB5268C4970003EE7AF /* iOS */ = {
			isa = PBXGroup;
			children = (
				16751DB6268C4970003EE7AF /* Info.plist */,
			);
			path = iOS;
			sourceTree = "<group>";
		};
		16751DBC268C4970003EE7AF /* macOS */ = {
			isa = PBXGroup;
			children = (
				16751DBD268C4970003EE7AF /* Info.plist */,
				16751DBE268C4970003EE7AF /* macOS.entitlements */,
			);
			path = macOS;
			sourceTree = "<group>";
		};
		16751DC6268C4970003EE7AF /* Tests iOS */ = {
			isa = PBXGroup;
			children = (
				16751DC7268C4970003EE7AF /* Tests_iOS.swift */,
				16751DC9268C4970003EE7AF /* Info.plist */,
			);
			path = "Tests iOS";
			sourceTree = "<group>";
		};
		16751DD1268C4970003EE7AF /* Tests macOS */ = {
			isa = PBXGroup;
			children = (
				16751DD2268C4970003EE7AF /* Tests_macOS.swift */,
				16751DD4268C4970003EE7AF /* Info.plist */,
			);
			path = "Tests macOS";
			sourceTree = "<group>";
		};
		16C3C270268C53B700D71507 /* Tests Shared */ = {
			isa = PBXGroup;
			children = (
				16C3C271268C53B700D71507 /* Tests_Shared.swift */,
				16C3C273268C53B700D71507 /* Info.plist */,
			);
			path = "Tests Shared";
			sourceTree = "<group>";
		};
/* End PBXGroup section */

/* Begin PBXNativeTarget section */
		16751DB2268C4970003EE7AF /* MultiplatformTest (iOS) */ = {
			isa = PBXNativeTarget;
			buildConfigurationList = 16751DDD268C4970003EE7AF /* Build configuration list for PBXNativeTarget "MultiplatformTest (iOS)" */;
			buildPhases = (
				16751DAF268C4970003EE7AF /* Sources */,
				16751DB0268C4970003EE7AF /* Frameworks */,
				16751DB1268C4970003EE7AF /* Resources */,
			);
			buildRules = (
			);
			dependencies = (
			);
			name = "MultiplatformTest (iOS)";
			productName = "JustTest (iOS)";
			productReference = 16751DB3268C4970003EE7AF /* MultiplatformTest.app */;
			productType = "com.apple.product-type.application";
		};
		16751DBA268C4970003EE7AF /* MultiplatformTest (macOS) */ = {
			isa = PBXNativeTarget;
			buildConfigurationList = 16751DE0268C4970003EE7AF /* Build configuration list for PBXNativeTarget "MultiplatformTest (macOS)" */;
			buildPhases = (
				16751DB7268C4970003EE7AF /* Sources */,
				16751DB8268C4970003EE7AF /* Frameworks */,
				16751DB9268C4970003EE7AF /* Resources */,
			);
			buildRules = (
			);
			dependencies = (
			);
			name = "MultiplatformTest (macOS)";
			productName = "JustTest (macOS)";
			productReference = 16751DBB268C4970003EE7AF /* MultiplatformTest.app */;
			productType = "com.apple.product-type.application";
		};
		16751DC2268C4970003EE7AF /* Tests iOS */ = {
			isa = PBXNativeTarget;
			buildConfigurationList = 16751DE3268C4970003EE7AF /* Build configuration list for PBXNativeTarget "Tests iOS" */;
			buildPhases = (
				16751DBF268C4970003EE7AF /* Sources */,
				16751DC0268C4970003EE7AF /* Frameworks */,
				16751DC1268C4970003EE7AF /* Resources */,
			);
			buildRules = (
			);
			dependencies = (
				16751DC5268C4970003EE7AF /* PBXTargetDependency */,
			);
			name = "Tests iOS";
			productName = "Tests iOS";
			productReference = 16751DC3268C4970003EE7AF /* Tests iOS.xctest */;
			productType = "com.apple.product-type.bundle.ui-testing";
		};
		16751DCD268C4970003EE7AF /* Tests macOS */ = {
			isa = PBXNativeTarget;
			buildConfigurationList = 16751DE6268C4970003EE7AF /* Build configuration list for PBXNativeTarget "Tests macOS" */;
			buildPhases = (
				16751DCA268C4970003EE7AF /* Sources */,
				16751DCB268C4970003EE7AF /* Frameworks */,
				16751DCC268C4970003EE7AF /* Resources */,
			);
			buildRules = (
			);
			dependencies = (
				16751DD0268C4970003EE7AF /* PBXTargetDependency */,
			);
			name = "Tests macOS";
			productName = "Tests macOS";
			productReference = 16751DCE268C4970003EE7AF /* Tests macOS.xctest */;
			productType = "com.apple.product-type.bundle.ui-testing";
		};
		16C3C26E268C53B700D71507 /* Tests Shared */ = {
			isa = PBXNativeTarget;
			buildConfigurationList = 16C3C278268C53B700D71507 /* Build configuration list for PBXNativeTarget "Tests Shared" */;
			buildPhases = (
				16C3C26B268C53B700D71507 /* Sources */,
				16C3C26C268C53B700D71507 /* Frameworks */,
				16C3C26D268C53B700D71507 /* Resources */,
			);
			buildRules = (
			);
			dependencies = (
				16C3C275268C53B700D71507 /* PBXTargetDependency */,
			);
			name = "Tests Shared";
			productName = "Tests Shared";
			productReference = 16C3C26F268C53B700D71507 /* Tests Shared.xctest */;
			productType = "com.apple.product-type.bundle.unit-test";
		};
/* End PBXNativeTarget section */

/* Begin PBXProject section */
		16751DA7268C496F003EE7AF /* Project object */ = {
			isa = PBXProject;
			attributes = {
				LastSwiftUpdateCheck = 1250;
				LastUpgradeCheck = 1250;
				TargetAttributes = {
					16751DB2268C4970003EE7AF = {
						CreatedOnToolsVersion = 12.5.1;
					};
					16751DBA268C4970003EE7AF = {
						CreatedOnToolsVersion = 12.5.1;
					};
					16751DC2268C4970003EE7AF = {
						CreatedOnToolsVersion = 12.5.1;
						TestTargetID = 16751DB2268C4970003EE7AF;
					};
					16751DCD268C4970003EE7AF = {
						CreatedOnToolsVersion = 12.5.1;
						TestTargetID = 16751DBA268C4970003EE7AF;
					};
					16C3C26E268C53B700D71507 = {
						CreatedOnToolsVersion = 12.5.1;
						TestTargetID = 16751DB2268C4970003EE7AF;
					};
				};
			};
			buildConfigurationList = 16751DAA268C496F003EE7AF /* Build configuration list for PBXProject "MultiplatformTest" */;
			compatibilityVersion = "Xcode 9.3";
			developmentRegion = en;
			hasScannedForEncodings = 0;
			knownRegions = (
				en,
				Base,
			);
			mainGroup = 16751DA6268C496F003EE7AF;
			productRefGroup = 16751DB4268C4970003EE7AF /* Products */;
			projectDirPath = "";
			projectRoot = "";
			targets = (
				16751DB2268C4970003EE7AF /* MultiplatformTest (iOS) */,
				16751DBA268C4970003EE7AF /* MultiplatformTest (macOS) */,
				16751DC2268C4970003EE7AF /* Tests iOS */,
				16751DCD268C4970003EE7AF /* Tests macOS */,
				16C3C26E268C53B700D71507 /* Tests Shared */,
			);
		};
/* End PBXProject section */

/* Begin PBXResourcesBuildPhase section */
		16751DB1268C4970003EE7AF /* Resources */ = {
			isa = PBXResourcesBuildPhase;
			buildActionMask = 2147483647;
			files = (
				16751DD9268C4970003EE7AF /* Assets.xcassets in Resources */,
			);
			runOnlyForDeploymentPostprocessing = 0;
		};
		16751DB9268C4970003EE7AF /* Resources */ = {
			isa = PBXResourcesBuildPhase;
			buildActionMask = 2147483647;
			files = (
				16751DDA268C4970003EE7AF /* Assets.xcassets in Resources */,
			);
			runOnlyForDeploymentPostprocessing = 0;
		};
		16751DC1268C4970003EE7AF /* Resources */ = {
			isa = PBXResourcesBuildPhase;
			buildActionMask = 2147483647;
			files = (
			);
			runOnlyForDeploymentPostprocessing = 0;
		};
		16751DCC268C4970003EE7AF /* Resources */ = {
			isa = PBXResourcesBuildPhase;
			buildActionMask = 2147483647;
			files = (
			);
			runOnlyForDeploymentPostprocessing = 0;
		};
		16C3C26D268C53B700D71507 /* Resources */ = {
			isa = PBXResourcesBuildPhase;
			buildActionMask = 2147483647;
			files = (
			);
			runOnlyForDeploymentPostprocessing = 0;
		};
/* End PBXResourcesBuildPhase section */

/* Begin PBXSourcesBuildPhase section */
		16751DAF268C4970003EE7AF /* Sources */ = {
			isa = PBXSourcesBuildPhase;
			buildActionMask = 2147483647;
			files = (
				16751DEA268C4CC6003EE7AF /* PlayData.swift in Sources */,
				16751DD7268C4970003EE7AF /* ContentView.swift in Sources */,
				16751DD5268C4970003EE7AF /* MultiplatformTestApp.swift in Sources */,
			);
			runOnlyForDeploymentPostprocessing = 0;
		};
		16751DB7268C4970003EE7AF /* Sources */ = {
			isa = PBXSourcesBuildPhase;
			buildActionMask = 2147483647;
			files = (
				16751DEB268C4CC6003EE7AF /* PlayData.swift in Sources */,
				16751DD8268C4970003EE7AF /* ContentView.swift in Sources */,
				16751DD6268C4970003EE7AF /* MultiplatformTestApp.swift in Sources */,
			);
			runOnlyForDeploymentPostprocessing = 0;
		};
		16751DBF268C4970003EE7AF /* Sources */ = {
			isa = PBXSourcesBuildPhase;
			buildActionMask = 2147483647;
			files = (
				16751DC8268C4970003EE7AF /* Tests_iOS.swift in Sources */,
			);
			runOnlyForDeploymentPostprocessing = 0;
		};
		16751DCA268C4970003EE7AF /* Sources */ = {
			isa = PBXSourcesBuildPhase;
			buildActionMask = 2147483647;
			files = (
				16751DD3268C4970003EE7AF /* Tests_macOS.swift in Sources */,
			);
			runOnlyForDeploymentPostprocessing = 0;
		};
		16C3C26B268C53B700D71507 /* Sources */ = {
			isa = PBXSourcesBuildPhase;
			buildActionMask = 2147483647;
			files = (
				16C3C272268C53B700D71507 /* Tests_Shared.swift in Sources */,
			);
			runOnlyForDeploymentPostprocessing = 0;
		};
/* End PBXSourcesBuildPhase section */

/* Begin PBXTargetDependency section */
		16751DC5268C4970003EE7AF /* PBXTargetDependency */ = {
			isa = PBXTargetDependency;
			target = 16751DB2268C4970003EE7AF /* MultiplatformTest (iOS) */;
			targetProxy = 16751DC4268C4970003EE7AF /* PBXContainerItemProxy */;
		};
		16751DD0268C4970003EE7AF /* PBXTargetDependency */ = {
			isa = PBXTargetDependency;
			target = 16751DBA268C4970003EE7AF /* MultiplatformTest (macOS) */;
			targetProxy = 16751DCF268C4970003EE7AF /* PBXContainerItemProxy */;
		};
		16C3C275268C53B700D71507 /* PBXTargetDependency */ = {
			isa = PBXTargetDependency;
			target = 16751DB2268C4970003EE7AF /* MultiplatformTest (iOS) */;
			targetProxy = 16C3C274268C53B700D71507 /* PBXContainerItemProxy */;
		};
/* End PBXTargetDependency section */

/* Begin XCBuildConfiguration section */
		16751DDB268C4970003EE7AF /* Debug */ = {
			isa = XCBuildConfiguration;
			buildSettings = {
				ALWAYS_SEARCH_USER_PATHS = NO;
				CLANG_ANALYZER_NONNULL = YES;
				CLANG_ANALYZER_NUMBER_OBJECT_CONVERSION = YES_AGGRESSIVE;
				CLANG_CXX_LANGUAGE_STANDARD = "gnu++14";
				CLANG_CXX_LIBRARY = "libc++";
				CLANG_ENABLE_MODULES = YES;
				CLANG_ENABLE_OBJC_ARC = YES;
				CLANG_ENABLE_OBJC_WEAK = YES;
				CLANG_WARN_BLOCK_CAPTURE_AUTORELEASING = YES;
				CLANG_WARN_BOOL_CONVERSION = YES;
				CLANG_WARN_COMMA = YES;
				CLANG_WARN_CONSTANT_CONVERSION = YES;
				CLANG_WARN_DEPRECATED_OBJC_IMPLEMENTATIONS = YES;
				CLANG_WARN_DIRECT_OBJC_ISA_USAGE = YES_ERROR;
				CLANG_WARN_DOCUMENTATION_COMMENTS = YES;
				CLANG_WARN_EMPTY_BODY = YES;
				CLANG_WARN_ENUM_CONVERSION = YES;
				CLANG_WARN_INFINITE_RECURSION = YES;
				CLANG_WARN_INT_CONVERSION = YES;
				CLANG_WARN_NON_LITERAL_NULL_CONVERSION = YES;
				CLANG_WARN_OBJC_IMPLICIT_RETAIN_SELF = YES;
				CLANG_WARN_OBJC_LITERAL_CONVERSION = YES;
				CLANG_WARN_OBJC_ROOT_CLASS = YES_ERROR;
				CLANG_WARN_QUOTED_INCLUDE_IN_FRAMEWORK_HEADER = YES;
				CLANG_WARN_RANGE_LOOP_ANALYSIS = YES;
				CLANG_WARN_STRICT_PROTOTYPES = YES;
				CLANG_WARN_SUSPICIOUS_MOVE = YES;
				CLANG_WARN_UNGUARDED_AVAILABILITY = YES_AGGRESSIVE;
				CLANG_WARN_UNREACHABLE_CODE = YES;
				CLANG_WARN__DUPLICATE_METHOD_MATCH = YES;
				COPY_PHASE_STRIP = NO;
				DEBUG_INFORMATION_FORMAT = dwarf;
				ENABLE_STRICT_OBJC_MSGSEND = YES;
				ENABLE_TESTABILITY = YES;
				GCC_C_LANGUAGE_STANDARD = gnu11;
				GCC_DYNAMIC_NO_PIC = NO;
				GCC_NO_COMMON_BLOCKS = YES;
				GCC_OPTIMIZATION_LEVEL = 0;
				GCC_PREPROCESSOR_DEFINITIONS = (
					"DEBUG=1",
					"$(inherited)",
				);
				GCC_WARN_64_TO_32_BIT_CONVERSION = YES;
				GCC_WARN_ABOUT_RETURN_TYPE = YES_ERROR;
				GCC_WARN_UNDECLARED_SELECTOR = YES;
				GCC_WARN_UNINITIALIZED_AUTOS = YES_AGGRESSIVE;
				GCC_WARN_UNUSED_FUNCTION = YES;
				GCC_WARN_UNUSED_VARIABLE = YES;
				MTL_ENABLE_DEBUG_INFO = INCLUDE_SOURCE;
				MTL_FAST_MATH = YES;
				ONLY_ACTIVE_ARCH = YES;
				SWIFT_ACTIVE_COMPILATION_CONDITIONS = DEBUG;
				SWIFT_OPTIMIZATION_LEVEL = "-Onone";
			};
			name = Debug;
		};
		16751DDC268C4970003EE7AF /* Release */ = {
			isa = XCBuildConfiguration;
			buildSettings = {
				ALWAYS_SEARCH_USER_PATHS = NO;
				CLANG_ANALYZER_NONNULL = YES;
				CLANG_ANALYZER_NUMBER_OBJECT_CONVERSION = YES_AGGRESSIVE;
				CLANG_CXX_LANGUAGE_STANDARD = "gnu++14";
				CLANG_CXX_LIBRARY = "libc++";
				CLANG_ENABLE_MODULES = YES;
				CLANG_ENABLE_OBJC_ARC = YES;
				CLANG_ENABLE_OBJC_WEAK = YES;
				CLANG_WARN_BLOCK_CAPTURE_AUTORELEASING = YES;
				CLANG_WARN_BOOL_CONVERSION = YES;
				CLANG_WARN_COMMA = YES;
				CLANG_WARN_CONSTANT_CONVERSION = YES;
				CLANG_WARN_DEPRECATED_OBJC_IMPLEMENTATIONS = YES;
				CLANG_WARN_DIRECT_OBJC_ISA_USAGE = YES_ERROR;
				CLANG_WARN_DOCUMENTATION_COMMENTS = YES;
				CLANG_WARN_EMPTY_BODY = YES;
				CLANG_WARN_ENUM_CONVERSION = YES;
				CLANG_WARN_INFINITE_RECURSION = YES;
				CLANG_WARN_INT_CONVERSION = YES;
				CLANG_WARN_NON_LITERAL_NULL_CONVERSION = YES;
				CLANG_WARN_OBJC_IMPLICIT_RETAIN_SELF = YES;
				CLANG_WARN_OBJC_LITERAL_CONVERSION = YES;
				CLANG_WARN_OBJC_ROOT_CLASS = YES_ERROR;
				CLANG_WARN_QUOTED_INCLUDE_IN_FRAMEWORK_HEADER = YES;
				CLANG_WARN_RANGE_LOOP_ANALYSIS = YES;
				CLANG_WARN_STRICT_PROTOTYPES = YES;
				CLANG_WARN_SUSPICIOUS_MOVE = YES;
				CLANG_WARN_UNGUARDED_AVAILABILITY = YES_AGGRESSIVE;
				CLANG_WARN_UNREACHABLE_CODE = YES;
				CLANG_WARN__DUPLICATE_METHOD_MATCH = YES;
				COPY_PHASE_STRIP = NO;
				DEBUG_INFORMATION_FORMAT = "dwarf-with-dsym";
				ENABLE_NS_ASSERTIONS = NO;
				ENABLE_STRICT_OBJC_MSGSEND = YES;
				GCC_C_LANGUAGE_STANDARD = gnu11;
				GCC_NO_COMMON_BLOCKS = YES;
				GCC_WARN_64_TO_32_BIT_CONVERSION = YES;
				GCC_WARN_ABOUT_RETURN_TYPE = YES_ERROR;
				GCC_WARN_UNDECLARED_SELECTOR = YES;
				GCC_WARN_UNINITIALIZED_AUTOS = YES_AGGRESSIVE;
				GCC_WARN_UNUSED_FUNCTION = YES;
				GCC_WARN_UNUSED_VARIABLE = YES;
				MTL_ENABLE_DEBUG_INFO = NO;
				MTL_FAST_MATH = YES;
				SWIFT_COMPILATION_MODE = wholemodule;
				SWIFT_OPTIMIZATION_LEVEL = "-O";
			};
			name = Release;
		};
		16751DDE268C4970003EE7AF /* Debug */ = {
			isa = XCBuildConfiguration;
			buildSettings = {
				ASSETCATALOG_COMPILER_APPICON_NAME = AppIcon;
				ASSETCATALOG_COMPILER_GLOBAL_ACCENT_COLOR_NAME = AccentColor;
				CODE_SIGN_STYLE = Automatic;
				DEVELOPMENT_TEAM = 6U792A794H;
				ENABLE_PREVIEWS = YES;
				INFOPLIST_FILE = iOS/Info.plist;
				IPHONEOS_DEPLOYMENT_TARGET = 14.0;
				LD_RUNPATH_SEARCH_PATHS = (
					"$(inherited)",
					"@executable_path/Frameworks",
				);
				PRODUCT_BUNDLE_IDENTIFIER = com.xho95.MultiplatformTest;
				PRODUCT_NAME = MultiplatformTest;
				SDKROOT = iphoneos;
				SWIFT_VERSION = 5.0;
				TARGETED_DEVICE_FAMILY = "1,2";
			};
			name = Debug;
		};
		16751DDF268C4970003EE7AF /* Release */ = {
			isa = XCBuildConfiguration;
			buildSettings = {
				ASSETCATALOG_COMPILER_APPICON_NAME = AppIcon;
				ASSETCATALOG_COMPILER_GLOBAL_ACCENT_COLOR_NAME = AccentColor;
				CODE_SIGN_STYLE = Automatic;
				DEVELOPMENT_TEAM = 6U792A794H;
				ENABLE_PREVIEWS = YES;
				INFOPLIST_FILE = iOS/Info.plist;
				IPHONEOS_DEPLOYMENT_TARGET = 14.0;
				LD_RUNPATH_SEARCH_PATHS = (
					"$(inherited)",
					"@executable_path/Frameworks",
				);
				PRODUCT_BUNDLE_IDENTIFIER = com.xho95.MultiplatformTest;
				PRODUCT_NAME = MultiplatformTest;
				SDKROOT = iphoneos;
				SWIFT_VERSION = 5.0;
				TARGETED_DEVICE_FAMILY = "1,2";
				VALIDATE_PRODUCT = YES;
			};
			name = Release;
		};
		16751DE1268C4970003EE7AF /* Debug */ = {
			isa = XCBuildConfiguration;
			buildSettings = {
				ASSETCATALOG_COMPILER_APPICON_NAME = AppIcon;
				ASSETCATALOG_COMPILER_GLOBAL_ACCENT_COLOR_NAME = AccentColor;
				CODE_SIGN_ENTITLEMENTS = macOS/macOS.entitlements;
				CODE_SIGN_STYLE = Automatic;
				COMBINE_HIDPI_IMAGES = YES;
				DEVELOPMENT_TEAM = 6U792A794H;
				ENABLE_HARDENED_RUNTIME = YES;
				ENABLE_PREVIEWS = YES;
				INFOPLIST_FILE = macOS/Info.plist;
				LD_RUNPATH_SEARCH_PATHS = (
					"$(inherited)",
					"@executable_path/../Frameworks",
				);
				MACOSX_DEPLOYMENT_TARGET = 11.0;
				PRODUCT_BUNDLE_IDENTIFIER = com.xho95.MultiplatformTest;
				PRODUCT_NAME = MultiplatformTest;
				SDKROOT = macosx;
				SWIFT_VERSION = 5.0;
			};
			name = Debug;
		};
		16751DE2268C4970003EE7AF /* Release */ = {
			isa = XCBuildConfiguration;
			buildSettings = {
				ASSETCATALOG_COMPILER_APPICON_NAME = AppIcon;
				ASSETCATALOG_COMPILER_GLOBAL_ACCENT_COLOR_NAME = AccentColor;
				CODE_SIGN_ENTITLEMENTS = macOS/macOS.entitlements;
				CODE_SIGN_STYLE = Automatic;
				COMBINE_HIDPI_IMAGES = YES;
				DEVELOPMENT_TEAM = 6U792A794H;
				ENABLE_HARDENED_RUNTIME = YES;
				ENABLE_PREVIEWS = YES;
				INFOPLIST_FILE = macOS/Info.plist;
				LD_RUNPATH_SEARCH_PATHS = (
					"$(inherited)",
					"@executable_path/../Frameworks",
				);
				MACOSX_DEPLOYMENT_TARGET = 11.0;
				PRODUCT_BUNDLE_IDENTIFIER = com.xho95.MultiplatformTest;
				PRODUCT_NAME = MultiplatformTest;
				SDKROOT = macosx;
				SWIFT_VERSION = 5.0;
			};
			name = Release;
		};
		16751DE4268C4970003EE7AF /* Debug */ = {
			isa = XCBuildConfiguration;
			buildSettings = {
				ALWAYS_EMBED_SWIFT_STANDARD_LIBRARIES = YES;
				CODE_SIGN_STYLE = Automatic;
				DEVELOPMENT_TEAM = 6U792A794H;
				INFOPLIST_FILE = "Tests iOS/Info.plist";
				IPHONEOS_DEPLOYMENT_TARGET = 14.5;
				LD_RUNPATH_SEARCH_PATHS = (
					"$(inherited)",
					"@executable_path/Frameworks",
					"@loader_path/Frameworks",
				);
				PRODUCT_BUNDLE_IDENTIFIER = "com.xho95.Tests-iOS";
				PRODUCT_NAME = "$(TARGET_NAME)";
				SDKROOT = iphoneos;
				SWIFT_VERSION = 5.0;
				TARGETED_DEVICE_FAMILY = "1,2";
				TEST_TARGET_NAME = "MultiplatformTest (iOS)";
			};
			name = Debug;
		};
		16751DE5268C4970003EE7AF /* Release */ = {
			isa = XCBuildConfiguration;
			buildSettings = {
				ALWAYS_EMBED_SWIFT_STANDARD_LIBRARIES = YES;
				CODE_SIGN_STYLE = Automatic;
				DEVELOPMENT_TEAM = 6U792A794H;
				INFOPLIST_FILE = "Tests iOS/Info.plist";
				IPHONEOS_DEPLOYMENT_TARGET = 14.5;
				LD_RUNPATH_SEARCH_PATHS = (
					"$(inherited)",
					"@executable_path/Frameworks",
					"@loader_path/Frameworks",
				);
				PRODUCT_BUNDLE_IDENTIFIER = "com.xho95.Tests-iOS";
				PRODUCT_NAME = "$(TARGET_NAME)";
				SDKROOT = iphoneos;
				SWIFT_VERSION = 5.0;
				TARGETED_DEVICE_FAMILY = "1,2";
				TEST_TARGET_NAME = "MultiplatformTest (iOS)";
				VALIDATE_PRODUCT = YES;
			};
			name = Release;
		};
		16751DE7268C4970003EE7AF /* Debug */ = {
			isa = XCBuildConfiguration;
			buildSettings = {
				ALWAYS_EMBED_SWIFT_STANDARD_LIBRARIES = YES;
				CODE_SIGN_STYLE = Automatic;
				COMBINE_HIDPI_IMAGES = YES;
				DEVELOPMENT_TEAM = 6U792A794H;
				INFOPLIST_FILE = "Tests macOS/Info.plist";
				LD_RUNPATH_SEARCH_PATHS = (
					"$(inherited)",
					"@executable_path/../Frameworks",
					"@loader_path/../Frameworks",
				);
				MACOSX_DEPLOYMENT_TARGET = 11.3;
				PRODUCT_BUNDLE_IDENTIFIER = "com.xho95.Tests-macOS";
				PRODUCT_NAME = "$(TARGET_NAME)";
				SDKROOT = macosx;
				SWIFT_VERSION = 5.0;
				TEST_TARGET_NAME = "MultiplatformTest (macOS)";
			};
			name = Debug;
		};
		16751DE8268C4970003EE7AF /* Release */ = {
			isa = XCBuildConfiguration;
			buildSettings = {
				ALWAYS_EMBED_SWIFT_STANDARD_LIBRARIES = YES;
				CODE_SIGN_STYLE = Automatic;
				COMBINE_HIDPI_IMAGES = YES;
				DEVELOPMENT_TEAM = 6U792A794H;
				INFOPLIST_FILE = "Tests macOS/Info.plist";
				LD_RUNPATH_SEARCH_PATHS = (
					"$(inherited)",
					"@executable_path/../Frameworks",
					"@loader_path/../Frameworks",
				);
				MACOSX_DEPLOYMENT_TARGET = 11.3;
				PRODUCT_BUNDLE_IDENTIFIER = "com.xho95.Tests-macOS";
				PRODUCT_NAME = "$(TARGET_NAME)";
				SDKROOT = macosx;
				SWIFT_VERSION = 5.0;
				TEST_TARGET_NAME = "MultiplatformTest (macOS)";
			};
			name = Release;
		};
		16C3C276268C53B700D71507 /* Debug */ = {
			isa = XCBuildConfiguration;
			buildSettings = {
				BUNDLE_LOADER = "$(TEST_HOST)";
				CODE_SIGN_STYLE = Automatic;
				DEVELOPMENT_TEAM = 6U792A794H;
				INFOPLIST_FILE = "Tests Shared/Info.plist";
				IPHONEOS_DEPLOYMENT_TARGET = 14.5;
				LD_RUNPATH_SEARCH_PATHS = (
					"$(inherited)",
					"@executable_path/Frameworks",
					"@loader_path/Frameworks",
				);
				PRODUCT_BUNDLE_IDENTIFIER = "com.xho95.Tests-Shared";
				PRODUCT_NAME = "$(TARGET_NAME)";
				SDKROOT = iphoneos;
				SWIFT_VERSION = 5.0;
				TARGETED_DEVICE_FAMILY = "1,2";
				TEST_HOST = "$(BUILT_PRODUCTS_DIR)/MultiplatformTest.app/MultiplatformTest";
			};
			name = Debug;
		};
		16C3C277268C53B700D71507 /* Release */ = {
			isa = XCBuildConfiguration;
			buildSettings = {
				BUNDLE_LOADER = "$(TEST_HOST)";
				CODE_SIGN_STYLE = Automatic;
				DEVELOPMENT_TEAM = 6U792A794H;
				INFOPLIST_FILE = "Tests Shared/Info.plist";
				IPHONEOS_DEPLOYMENT_TARGET = 14.5;
				LD_RUNPATH_SEARCH_PATHS = (
					"$(inherited)",
					"@executable_path/Frameworks",
					"@loader_path/Frameworks",
				);
				PRODUCT_BUNDLE_IDENTIFIER = "com.xho95.Tests-Shared";
				PRODUCT_NAME = "$(TARGET_NAME)";
				SDKROOT = iphoneos;
				SWIFT_VERSION = 5.0;
				TARGETED_DEVICE_FAMILY = "1,2";
				TEST_HOST = "$(BUILT_PRODUCTS_DIR)/MultiplatformTest.app/MultiplatformTest";
				VALIDATE_PRODUCT = YES;
			};
			name = Release;
		};
/* End XCBuildConfiguration section */

/* Begin XCConfigurationList section */
		16751DAA268C496F003EE7AF /* Build configuration list for PBXProject "MultiplatformTest" */ = {
			isa = XCConfigurationList;
			buildConfigurations = (
				16751DDB268C4970003EE7AF /* Debug */,
				16751DDC268C4970003EE7AF /* Release */,
			);
			defaultConfigurationIsVisible = 0;
			defaultConfigurationName = Release;
		};
		16751DDD268C4970003EE7AF /* Build configuration list for PBXNativeTarget "MultiplatformTest (iOS)" */ = {
			isa = XCConfigurationList;
			buildConfigurations = (
				16751DDE268C4970003EE7AF /* Debug */,
				16751DDF268C4970003EE7AF /* Release */,
			);
			defaultConfigurationIsVisible = 0;
			defaultConfigurationName = Release;
		};
		16751DE0268C4970003EE7AF /* Build configuration list for PBXNativeTarget "MultiplatformTest (macOS)" */ = {
			isa = XCConfigurationList;
			buildConfigurations = (
				16751DE1268C4970003EE7AF /* Debug */,
				16751DE2268C4970003EE7AF /* Release */,
			);
			defaultConfigurationIsVisible = 0;
			defaultConfigurationName = Release;
		};
		16751DE3268C4970003EE7AF /* Build configuration list for PBXNativeTarget "Tests iOS" */ = {
			isa = XCConfigurationList;
			buildConfigurations = (
				16751DE4268C4970003EE7AF /* Debug */,
				16751DE5268C4970003EE7AF /* Release */,
			);
			defaultConfigurationIsVisible = 0;
			defaultConfigurationName = Release;
		};
		16751DE6268C4970003EE7AF /* Build configuration list for PBXNativeTarget "Tests macOS" */ = {
			isa = XCConfigurationList;
			buildConfigurations = (
				16751DE7268C4970003EE7AF /* Debug */,
				16751DE8268C4970003EE7AF /* Release */,
			);
			defaultConfigurationIsVisible = 0;
			defaultConfigurationName = Release;
		};
		16C3C278268C53B700D71507 /* Build configuration list for PBXNativeTarget "Tests Shared" */ = {
			isa = XCConfigurationList;
			buildConfigurations = (
				16C3C276268C53B700D71507 /* Debug */,
				16C3C277268C53B700D71507 /* Release */,
			);
			defaultConfigurationIsVisible = 0;
			defaultConfigurationName = Release;
		};
/* End XCConfigurationList section */
	};
	rootObject = 16751DA7268C496F003EE7AF /* Project object */;
}
