// !$*UTF8*$!
{
	archiveVersion = 1;
	classes = {
	};
	objectVersion = 55;
	objects = {

/* Begin PBXBuildFile section */
		2C413060284B4B32009BC8E5 /* ParticleApp.swift in Sources */ = {isa = PBXBuildFile; fileRef = 2C413050284B4B31009BC8E5 /* ParticleApp.swift */; };
		2C413061284B4B32009BC8E5 /* ParticleApp.swift in Sources */ = {isa = PBXBuildFile; fileRef = 2C413050284B4B31009BC8E5 /* ParticleApp.swift */; };
		2C413062284B4B32009BC8E5 /* ContentView.swift in Sources */ = {isa = PBXBuildFile; fileRef = 2C413051284B4B31009BC8E5 /* ContentView.swift */; };
		2C413063284B4B32009BC8E5 /* ContentView.swift in Sources */ = {isa = PBXBuildFile; fileRef = 2C413051284B4B31009BC8E5 /* ContentView.swift */; };
		2C413064284B4B32009BC8E5 /* Assets.xcassets in Resources */ = {isa = PBXBuildFile; fileRef = 2C413052284B4B32009BC8E5 /* Assets.xcassets */; };
		2C413065284B4B32009BC8E5 /* Assets.xcassets in Resources */ = {isa = PBXBuildFile; fileRef = 2C413052284B4B32009BC8E5 /* Assets.xcassets */; };
		2C41306F284B4BD4009BC8E5 /* FireworkParticles.swift in Sources */ = {isa = PBXBuildFile; fileRef = 2C41306E284B4BD4009BC8E5 /* FireworkParticles.swift */; };
		2C413070284B4BD4009BC8E5 /* FireworkParticles.swift in Sources */ = {isa = PBXBuildFile; fileRef = 2C41306E284B4BD4009BC8E5 /* FireworkParticles.swift */; };
		2C413072284B4DBD009BC8E5 /* ParticleModifier.swift in Sources */ = {isa = PBXBuildFile; fileRef = 2C413071284B4DBD009BC8E5 /* ParticleModifier.swift */; };
		2C413073284B4DBD009BC8E5 /* ParticleModifier.swift in Sources */ = {isa = PBXBuildFile; fileRef = 2C413071284B4DBD009BC8E5 /* ParticleModifier.swift */; };
/* End PBXBuildFile section */

/* Begin PBXFileReference section */
		2C413050284B4B31009BC8E5 /* ParticleApp.swift */ = {isa = PBXFileReference; lastKnownFileType = sourcecode.swift; path = ParticleApp.swift; sourceTree = "<group>"; };
		2C413051284B4B31009BC8E5 /* ContentView.swift */ = {isa = PBXFileReference; lastKnownFileType = sourcecode.swift; path = ContentView.swift; sourceTree = "<group>"; };
		2C413052284B4B32009BC8E5 /* Assets.xcassets */ = {isa = PBXFileReference; lastKnownFileType = folder.assetcatalog; path = Assets.xcassets; sourceTree = "<group>"; };
		2C413057284B4B32009BC8E5 /* Particle.app */ = {isa = PBXFileReference; explicitFileType = wrapper.application; includeInIndex = 0; path = Particle.app; sourceTree = BUILT_PRODUCTS_DIR; };
		2C41305D284B4B32009BC8E5 /* Particle.app */ = {isa = PBXFileReference; explicitFileType = wrapper.application; includeInIndex = 0; path = Particle.app; sourceTree = BUILT_PRODUCTS_DIR; };
		2C41305F284B4B32009BC8E5 /* macOS.entitlements */ = {isa = PBXFileReference; lastKnownFileType = text.plist.entitlements; path = macOS.entitlements; sourceTree = "<group>"; };
		2C41306E284B4BD4009BC8E5 /* FireworkParticles.swift */ = {isa = PBXFileReference; lastKnownFileType = sourcecode.swift; path = FireworkParticles.swift; sourceTree = "<group>"; };
		2C413071284B4DBD009BC8E5 /* ParticleModifier.swift */ = {isa = PBXFileReference; lastKnownFileType = sourcecode.swift; path = ParticleModifier.swift; sourceTree = "<group>"; };
/* End PBXFileReference section */

/* Begin PBXFrameworksBuildPhase section */
		2C413054284B4B32009BC8E5 /* Frameworks */ = {
			isa = PBXFrameworksBuildPhase;
			buildActionMask = 2147483647;
			files = (
			);
			runOnlyForDeploymentPostprocessing = 0;
		};
		2C41305A284B4B32009BC8E5 /* Frameworks */ = {
			isa = PBXFrameworksBuildPhase;
			buildActionMask = 2147483647;
			files = (
			);
			runOnlyForDeploymentPostprocessing = 0;
		};
/* End PBXFrameworksBuildPhase section */

/* Begin PBXGroup section */
		2C41304A284B4B30009BC8E5 = {
			isa = PBXGroup;
			children = (
				2C41304F284B4B31009BC8E5 /* Shared */,
				2C41305E284B4B32009BC8E5 /* macOS */,
				2C413058284B4B32009BC8E5 /* Products */,
			);
			sourceTree = "<group>";
		};
		2C41304F284B4B31009BC8E5 /* Shared */ = {
			isa = PBXGroup;
			children = (
				2C413050284B4B31009BC8E5 /* ParticleApp.swift */,
				2C413051284B4B31009BC8E5 /* ContentView.swift */,
				2C41306E284B4BD4009BC8E5 /* FireworkParticles.swift */,
				2C413071284B4DBD009BC8E5 /* ParticleModifier.swift */,
				2C413052284B4B32009BC8E5 /* Assets.xcassets */,
			);
			path = Shared;
			sourceTree = "<group>";
		};
		2C413058284B4B32009BC8E5 /* Products */ = {
			isa = PBXGroup;
			children = (
				2C413057284B4B32009BC8E5 /* Particle.app */,
				2C41305D284B4B32009BC8E5 /* Particle.app */,
			);
			name = Products;
			sourceTree = "<group>";
		};
		2C41305E284B4B32009BC8E5 /* macOS */ = {
			isa = PBXGroup;
			children = (
				2C41305F284B4B32009BC8E5 /* macOS.entitlements */,
			);
			path = macOS;
			sourceTree = "<group>";
		};
/* End PBXGroup section */

/* Begin PBXNativeTarget section */
		2C413056284B4B32009BC8E5 /* Particle (iOS) */ = {
			isa = PBXNativeTarget;
			buildConfigurationList = 2C413068284B4B32009BC8E5 /* Build configuration list for PBXNativeTarget "Particle (iOS)" */;
			buildPhases = (
				2C413053284B4B32009BC8E5 /* Sources */,
				2C413054284B4B32009BC8E5 /* Frameworks */,
				2C413055284B4B32009BC8E5 /* Resources */,
			);
			buildRules = (
			);
			dependencies = (
			);
			name = "Particle (iOS)";
			productName = "Particle (iOS)";
			productReference = 2C413057284B4B32009BC8E5 /* Particle.app */;
			productType = "com.apple.product-type.application";
		};
		2C41305C284B4B32009BC8E5 /* Particle (macOS) */ = {
			isa = PBXNativeTarget;
			buildConfigurationList = 2C41306B284B4B32009BC8E5 /* Build configuration list for PBXNativeTarget "Particle (macOS)" */;
			buildPhases = (
				2C413059284B4B32009BC8E5 /* Sources */,
				2C41305A284B4B32009BC8E5 /* Frameworks */,
				2C41305B284B4B32009BC8E5 /* Resources */,
			);
			buildRules = (
			);
			dependencies = (
			);
			name = "Particle (macOS)";
			productName = "Particle (macOS)";
			productReference = 2C41305D284B4B32009BC8E5 /* Particle.app */;
			productType = "com.apple.product-type.application";
		};
/* End PBXNativeTarget section */

/* Begin PBXProject section */
		2C41304B284B4B30009BC8E5 /* Project object */ = {
			isa = PBXProject;
			attributes = {
				BuildIndependentTargetsInParallel = 1;
				LastSwiftUpdateCheck = 1340;
				LastUpgradeCheck = 1340;
				TargetAttributes = {
					2C413056284B4B32009BC8E5 = {
						CreatedOnToolsVersion = 13.4;
					};
					2C41305C284B4B32009BC8E5 = {
						CreatedOnToolsVersion = 13.4;
					};
				};
			};
			buildConfigurationList = 2C41304E284B4B30009BC8E5 /* Build configuration list for PBXProject "Particle" */;
			compatibilityVersion = "Xcode 13.0";
			developmentRegion = en;
			hasScannedForEncodings = 0;
			knownRegions = (
				en,
				Base,
			);
			mainGroup = 2C41304A284B4B30009BC8E5;
			productRefGroup = 2C413058284B4B32009BC8E5 /* Products */;
			projectDirPath = "";
			projectRoot = "";
			targets = (
				2C413056284B4B32009BC8E5 /* Particle (iOS) */,
				2C41305C284B4B32009BC8E5 /* Particle (macOS) */,
			);
		};
/* End PBXProject section */

/* Begin PBXResourcesBuildPhase section */
		2C413055284B4B32009BC8E5 /* Resources */ = {
			isa = PBXResourcesBuildPhase;
			buildActionMask = 2147483647;
			files = (
				2C413064284B4B32009BC8E5 /* Assets.xcassets in Resources */,
			);
			runOnlyForDeploymentPostprocessing = 0;
		};
		2C41305B284B4B32009BC8E5 /* Resources */ = {
			isa = PBXResourcesBuildPhase;
			buildActionMask = 2147483647;
			files = (
				2C413065284B4B32009BC8E5 /* Assets.xcassets in Resources */,
			);
			runOnlyForDeploymentPostprocessing = 0;
		};
/* End PBXResourcesBuildPhase section */

/* Begin PBXSourcesBuildPhase section */
		2C413053284B4B32009BC8E5 /* Sources */ = {
			isa = PBXSourcesBuildPhase;
			buildActionMask = 2147483647;
			files = (
				2C413072284B4DBD009BC8E5 /* ParticleModifier.swift in Sources */,
				2C413062284B4B32009BC8E5 /* ContentView.swift in Sources */,
				2C413060284B4B32009BC8E5 /* ParticleApp.swift in Sources */,
				2C41306F284B4BD4009BC8E5 /* FireworkParticles.swift in Sources */,
			);
			runOnlyForDeploymentPostprocessing = 0;
		};
		2C413059284B4B32009BC8E5 /* Sources */ = {
			isa = PBXSourcesBuildPhase;
			buildActionMask = 2147483647;
			files = (
				2C413073284B4DBD009BC8E5 /* ParticleModifier.swift in Sources */,
				2C413063284B4B32009BC8E5 /* ContentView.swift in Sources */,
				2C413061284B4B32009BC8E5 /* ParticleApp.swift in Sources */,
				2C413070284B4BD4009BC8E5 /* FireworkParticles.swift in Sources */,
			);
			runOnlyForDeploymentPostprocessing = 0;
		};
/* End PBXSourcesBuildPhase section */

/* Begin XCBuildConfiguration section */
		2C413066284B4B32009BC8E5 /* Debug */ = {
			isa = XCBuildConfiguration;
			buildSettings = {
				ALWAYS_SEARCH_USER_PATHS = NO;
				CLANG_ANALYZER_NONNULL = YES;
				CLANG_ANALYZER_NUMBER_OBJECT_CONVERSION = YES_AGGRESSIVE;
				CLANG_CXX_LANGUAGE_STANDARD = "gnu++17";
				CLANG_ENABLE_MODULES = YES;
				CLANG_ENABLE_OBJC_ARC = YES;
				CLANG_ENABLE_OBJC_WEAK = YES;
				CLANG_WARN_BLOCK_CAPTURE_AUTORELEASING = YES;
				CLANG_WARN_BOOL_CONVERSION = YES;
				CLANG_WARN_COMMA = YES;
				CLANG_WARN_CONSTANT_CONVERSION = YES;
				CLANG_WARN_DEPRECATED_OBJC_IMPLEMENTATIONS = YES;
				CLANG_WARN_DIRECT_OBJC_ISA_USAGE = YES_ERROR;
				CLANG_WARN_DOCUMENTATION_COMMENTS = YES;
				CLANG_WARN_EMPTY_BODY = YES;
				CLANG_WARN_ENUM_CONVERSION = YES;
				CLANG_WARN_INFINITE_RECURSION = YES;
				CLANG_WARN_INT_CONVERSION = YES;
				CLANG_WARN_NON_LITERAL_NULL_CONVERSION = YES;
				CLANG_WARN_OBJC_IMPLICIT_RETAIN_SELF = YES;
				CLANG_WARN_OBJC_LITERAL_CONVERSION = YES;
				CLANG_WARN_OBJC_ROOT_CLASS = YES_ERROR;
				CLANG_WARN_QUOTED_INCLUDE_IN_FRAMEWORK_HEADER = YES;
				CLANG_WARN_RANGE_LOOP_ANALYSIS = YES;
				CLANG_WARN_STRICT_PROTOTYPES = YES;
				CLANG_WARN_SUSPICIOUS_MOVE = YES;
				CLANG_WARN_UNGUARDED_AVAILABILITY = YES_AGGRESSIVE;
				CLANG_WARN_UNREACHABLE_CODE = YES;
				CLANG_WARN__DUPLICATE_METHOD_MATCH = YES;
				COPY_PHASE_STRIP = NO;
				DEBUG_INFORMATION_FORMAT = dwarf;
				ENABLE_STRICT_OBJC_MSGSEND = YES;
				ENABLE_TESTABILITY = YES;
				GCC_C_LANGUAGE_STANDARD = gnu11;
				GCC_DYNAMIC_NO_PIC = NO;
				GCC_NO_COMMON_BLOCKS = YES;
				GCC_OPTIMIZATION_LEVEL = 0;
				GCC_PREPROCESSOR_DEFINITIONS = (
					"DEBUG=1",
					"$(inherited)",
				);
				GCC_WARN_64_TO_32_BIT_CONVERSION = YES;
				GCC_WARN_ABOUT_RETURN_TYPE = YES_ERROR;
				GCC_WARN_UNDECLARED_SELECTOR = YES;
				GCC_WARN_UNINITIALIZED_AUTOS = YES_AGGRESSIVE;
				GCC_WARN_UNUSED_FUNCTION = YES;
				GCC_WARN_UNUSED_VARIABLE = YES;
				MTL_ENABLE_DEBUG_INFO = INCLUDE_SOURCE;
				MTL_FAST_MATH = YES;
				ONLY_ACTIVE_ARCH = YES;
				SWIFT_ACTIVE_COMPILATION_CONDITIONS = DEBUG;
				SWIFT_OPTIMIZATION_LEVEL = "-Onone";
			};
			name = Debug;
		};
		2C413067284B4B32009BC8E5 /* Release */ = {
			isa = XCBuildConfiguration;
			buildSettings = {
				ALWAYS_SEARCH_USER_PATHS = NO;
				CLANG_ANALYZER_NONNULL = YES;
				CLANG_ANALYZER_NUMBER_OBJECT_CONVERSION = YES_AGGRESSIVE;
				CLANG_CXX_LANGUAGE_STANDARD = "gnu++17";
				CLANG_ENABLE_MODULES = YES;
				CLANG_ENABLE_OBJC_ARC = YES;
				CLANG_ENABLE_OBJC_WEAK = YES;
				CLANG_WARN_BLOCK_CAPTURE_AUTORELEASING = YES;
				CLANG_WARN_BOOL_CONVERSION = YES;
				CLANG_WARN_COMMA = YES;
				CLANG_WARN_CONSTANT_CONVERSION = YES;
				CLANG_WARN_DEPRECATED_OBJC_IMPLEMENTATIONS = YES;
				CLANG_WARN_DIRECT_OBJC_ISA_USAGE = YES_ERROR;
				CLANG_WARN_DOCUMENTATION_COMMENTS = YES;
				CLANG_WARN_EMPTY_BODY = YES;
				CLANG_WARN_ENUM_CONVERSION = YES;
				CLANG_WARN_INFINITE_RECURSION = YES;
				CLANG_WARN_INT_CONVERSION = YES;
				CLANG_WARN_NON_LITERAL_NULL_CONVERSION = YES;
				CLANG_WARN_OBJC_IMPLICIT_RETAIN_SELF = YES;
				CLANG_WARN_OBJC_LITERAL_CONVERSION = YES;
				CLANG_WARN_OBJC_ROOT_CLASS = YES_ERROR;
				CLANG_WARN_QUOTED_INCLUDE_IN_FRAMEWORK_HEADER = YES;
				CLANG_WARN_RANGE_LOOP_ANALYSIS = YES;
				CLANG_WARN_STRICT_PROTOTYPES = YES;
				CLANG_WARN_SUSPICIOUS_MOVE = YES;
				CLANG_WARN_UNGUARDED_AVAILABILITY = YES_AGGRESSIVE;
				CLANG_WARN_UNREACHABLE_CODE = YES;
				CLANG_WARN__DUPLICATE_METHOD_MATCH = YES;
				COPY_PHASE_STRIP = NO;
				DEBUG_INFORMATION_FORMAT = "dwarf-with-dsym";
				ENABLE_NS_ASSERTIONS = NO;
				ENABLE_STRICT_OBJC_MSGSEND = YES;
				GCC_C_LANGUAGE_STANDARD = gnu11;
				GCC_NO_COMMON_BLOCKS = YES;
				GCC_WARN_64_TO_32_BIT_CONVERSION = YES;
				GCC_WARN_ABOUT_RETURN_TYPE = YES_ERROR;
				GCC_WARN_UNDECLARED_SELECTOR = YES;
				GCC_WARN_UNINITIALIZED_AUTOS = YES_AGGRESSIVE;
				GCC_WARN_UNUSED_FUNCTION = YES;
				GCC_WARN_UNUSED_VARIABLE = YES;
				MTL_ENABLE_DEBUG_INFO = NO;
				MTL_FAST_MATH = YES;
				SWIFT_COMPILATION_MODE = wholemodule;
				SWIFT_OPTIMIZATION_LEVEL = "-O";
			};
			name = Release;
		};
		2C413069284B4B32009BC8E5 /* Debug */ = {
			isa = XCBuildConfiguration;
			buildSettings = {
				ASSETCATALOG_COMPILER_APPICON_NAME = AppIcon;
				ASSETCATALOG_COMPILER_GLOBAL_ACCENT_COLOR_NAME = AccentColor;
				CODE_SIGN_STYLE = Automatic;
				CURRENT_PROJECT_VERSION = 1;
				DEVELOPMENT_TEAM = 6U792A794H;
				ENABLE_PREVIEWS = YES;
				GENERATE_INFOPLIST_FILE = YES;
				INFOPLIST_KEY_UIApplicationSceneManifest_Generation = YES;
				INFOPLIST_KEY_UIApplicationSupportsIndirectInputEvents = YES;
				INFOPLIST_KEY_UILaunchScreen_Generation = YES;
				INFOPLIST_KEY_UISupportedInterfaceOrientations_iPad = "UIInterfaceOrientationPortrait UIInterfaceOrientationPortraitUpsideDown UIInterfaceOrientationLandscapeLeft UIInterfaceOrientationLandscapeRight";
				INFOPLIST_KEY_UISupportedInterfaceOrientations_iPhone = "UIInterfaceOrientationPortrait UIInterfaceOrientationLandscapeLeft UIInterfaceOrientationLandscapeRight";
				IPHONEOS_DEPLOYMENT_TARGET = 15.5;
				LD_RUNPATH_SEARCH_PATHS = (
					"$(inherited)",
					"@executable_path/Frameworks",
				);
				MARKETING_VERSION = 1.0;
				PRODUCT_BUNDLE_IDENTIFIER = com.xho95.Particle;
				PRODUCT_NAME = Particle;
				SDKROOT = iphoneos;
				SWIFT_EMIT_LOC_STRINGS = YES;
				SWIFT_VERSION = 5.0;
				TARGETED_DEVICE_FAMILY = "1,2";
			};
			name = Debug;
		};
		2C41306A284B4B32009BC8E5 /* Release */ = {
			isa = XCBuildConfiguration;
			buildSettings = {
				ASSETCATALOG_COMPILER_APPICON_NAME = AppIcon;
				ASSETCATALOG_COMPILER_GLOBAL_ACCENT_COLOR_NAME = AccentColor;
				CODE_SIGN_STYLE = Automatic;
				CURRENT_PROJECT_VERSION = 1;
				DEVELOPMENT_TEAM = 6U792A794H;
				ENABLE_PREVIEWS = YES;
				GENERATE_INFOPLIST_FILE = YES;
				INFOPLIST_KEY_UIApplicationSceneManifest_Generation = YES;
				INFOPLIST_KEY_UIApplicationSupportsIndirectInputEvents = YES;
				INFOPLIST_KEY_UILaunchScreen_Generation = YES;
				INFOPLIST_KEY_UISupportedInterfaceOrientations_iPad = "UIInterfaceOrientationPortrait UIInterfaceOrientationPortraitUpsideDown UIInterfaceOrientationLandscapeLeft UIInterfaceOrientationLandscapeRight";
				INFOPLIST_KEY_UISupportedInterfaceOrientations_iPhone = "UIInterfaceOrientationPortrait UIInterfaceOrientationLandscapeLeft UIInterfaceOrientationLandscapeRight";
				IPHONEOS_DEPLOYMENT_TARGET = 15.5;
				LD_RUNPATH_SEARCH_PATHS = (
					"$(inherited)",
					"@executable_path/Frameworks",
				);
				MARKETING_VERSION = 1.0;
				PRODUCT_BUNDLE_IDENTIFIER = com.xho95.Particle;
				PRODUCT_NAME = Particle;
				SDKROOT = iphoneos;
				SWIFT_EMIT_LOC_STRINGS = YES;
				SWIFT_VERSION = 5.0;
				TARGETED_DEVICE_FAMILY = "1,2";
				VALIDATE_PRODUCT = YES;
			};
			name = Release;
		};
		2C41306C284B4B32009BC8E5 /* Debug */ = {
			isa = XCBuildConfiguration;
			buildSettings = {
				ASSETCATALOG_COMPILER_APPICON_NAME = AppIcon;
				ASSETCATALOG_COMPILER_GLOBAL_ACCENT_COLOR_NAME = AccentColor;
				CODE_SIGN_ENTITLEMENTS = macOS/macOS.entitlements;
				CODE_SIGN_STYLE = Automatic;
				COMBINE_HIDPI_IMAGES = YES;
				CURRENT_PROJECT_VERSION = 1;
				DEVELOPMENT_TEAM = 6U792A794H;
				ENABLE_HARDENED_RUNTIME = YES;
				ENABLE_PREVIEWS = YES;
				GENERATE_INFOPLIST_FILE = YES;
				INFOPLIST_KEY_NSHumanReadableCopyright = "";
				LD_RUNPATH_SEARCH_PATHS = (
					"$(inherited)",
					"@executable_path/../Frameworks",
				);
				MACOSX_DEPLOYMENT_TARGET = 12.3;
				MARKETING_VERSION = 1.0;
				PRODUCT_BUNDLE_IDENTIFIER = com.xho95.Particle;
				PRODUCT_NAME = Particle;
				SDKROOT = macosx;
				SWIFT_EMIT_LOC_STRINGS = YES;
				SWIFT_VERSION = 5.0;
			};
			name = Debug;
		};
		2C41306D284B4B32009BC8E5 /* Release */ = {
			isa = XCBuildConfiguration;
			buildSettings = {
				ASSETCATALOG_COMPILER_APPICON_NAME = AppIcon;
				ASSETCATALOG_COMPILER_GLOBAL_ACCENT_COLOR_NAME = AccentColor;
				CODE_SIGN_ENTITLEMENTS = macOS/macOS.entitlements;
				CODE_SIGN_STYLE = Automatic;
				COMBINE_HIDPI_IMAGES = YES;
				CURRENT_PROJECT_VERSION = 1;
				DEVELOPMENT_TEAM = 6U792A794H;
				ENABLE_HARDENED_RUNTIME = YES;
				ENABLE_PREVIEWS = YES;
				GENERATE_INFOPLIST_FILE = YES;
				INFOPLIST_KEY_NSHumanReadableCopyright = "";
				LD_RUNPATH_SEARCH_PATHS = (
					"$(inherited)",
					"@executable_path/../Frameworks",
				);
				MACOSX_DEPLOYMENT_TARGET = 12.3;
				MARKETING_VERSION = 1.0;
				PRODUCT_BUNDLE_IDENTIFIER = com.xho95.Particle;
				PRODUCT_NAME = Particle;
				SDKROOT = macosx;
				SWIFT_EMIT_LOC_STRINGS = YES;
				SWIFT_VERSION = 5.0;
			};
			name = Release;
		};
/* End XCBuildConfiguration section */

/* Begin XCConfigurationList section */
		2C41304E284B4B30009BC8E5 /* Build configuration list for PBXProject "Particle" */ = {
			isa = XCConfigurationList;
			buildConfigurations = (
				2C413066284B4B32009BC8E5 /* Debug */,
				2C413067284B4B32009BC8E5 /* Release */,
			);
			defaultConfigurationIsVisible = 0;
			defaultConfigurationName = Release;
		};
		2C413068284B4B32009BC8E5 /* Build configuration list for PBXNativeTarget "Particle (iOS)" */ = {
			isa = XCConfigurationList;
			buildConfigurations = (
				2C413069284B4B32009BC8E5 /* Debug */,
				2C41306A284B4B32009BC8E5 /* Release */,
			);
			defaultConfigurationIsVisible = 0;
			defaultConfigurationName = Release;
		};
		2C41306B284B4B32009BC8E5 /* Build configuration list for PBXNativeTarget "Particle (macOS)" */ = {
			isa = XCConfigurationList;
			buildConfigurations = (
				2C41306C284B4B32009BC8E5 /* Debug */,
				2C41306D284B4B32009BC8E5 /* Release */,
			);
			defaultConfigurationIsVisible = 0;
			defaultConfigurationName = Release;
		};
/* End XCConfigurationList section */
	};
	rootObject = 2C41304B284B4B30009BC8E5 /* Project object */;
}
