// !$*UTF8*$!
{
	archiveVersion = 1;
	classes = {
	};
	objectVersion = 50;
	objects = {

/* Begin PBXBuildFile section */
		16657CB42668933600A5B76F /* ReduxApp.swift in Sources */ = {isa = PBXBuildFile; fileRef = 16657CB32668933600A5B76F /* ReduxApp.swift */; };
		16657CB62668933600A5B76F /* ContentView.swift in Sources */ = {isa = PBXBuildFile; fileRef = 16657CB52668933600A5B76F /* ContentView.swift */; };
		16657CB82668933800A5B76F /* Assets.xcassets in Resources */ = {isa = PBXBuildFile; fileRef = 16657CB72668933800A5B76F /* Assets.xcassets */; };
		16657CBB2668933800A5B76F /* Preview Assets.xcassets in Resources */ = {isa = PBXBuildFile; fileRef = 16657CBA2668933800A5B76F /* Preview Assets.xcassets */; };
		16657CC526689D5D00A5B76F /* Reducer.swift in Sources */ = {isa = PBXBuildFile; fileRef = 16657CC426689D5D00A5B76F /* Reducer.swift */; };
		16657CC726689D8100A5B76F /* State.swift in Sources */ = {isa = PBXBuildFile; fileRef = 16657CC626689D8100A5B76F /* State.swift */; };
		16657CC926689DF300A5B76F /* Store.swift in Sources */ = {isa = PBXBuildFile; fileRef = 16657CC826689DF300A5B76F /* Store.swift */; };
		16657CCB26689F0500A5B76F /* Action.swift in Sources */ = {isa = PBXBuildFile; fileRef = 16657CCA26689F0500A5B76F /* Action.swift */; };
/* End PBXBuildFile section */

/* Begin PBXFileReference section */
		16657CB02668933600A5B76F /* Redux.app */ = {isa = PBXFileReference; explicitFileType = wrapper.application; includeInIndex = 0; path = Redux.app; sourceTree = BUILT_PRODUCTS_DIR; };
		16657CB32668933600A5B76F /* ReduxApp.swift */ = {isa = PBXFileReference; lastKnownFileType = sourcecode.swift; path = ReduxApp.swift; sourceTree = "<group>"; };
		16657CB52668933600A5B76F /* ContentView.swift */ = {isa = PBXFileReference; lastKnownFileType = sourcecode.swift; path = ContentView.swift; sourceTree = "<group>"; };
		16657CB72668933800A5B76F /* Assets.xcassets */ = {isa = PBXFileReference; lastKnownFileType = folder.assetcatalog; path = Assets.xcassets; sourceTree = "<group>"; };
		16657CBA2668933800A5B76F /* Preview Assets.xcassets */ = {isa = PBXFileReference; lastKnownFileType = folder.assetcatalog; path = "Preview Assets.xcassets"; sourceTree = "<group>"; };
		16657CBC2668933800A5B76F /* Info.plist */ = {isa = PBXFileReference; lastKnownFileType = text.plist.xml; path = Info.plist; sourceTree = "<group>"; };
		16657CC426689D5D00A5B76F /* Reducer.swift */ = {isa = PBXFileReference; lastKnownFileType = sourcecode.swift; path = Reducer.swift; sourceTree = "<group>"; };
		16657CC626689D8100A5B76F /* State.swift */ = {isa = PBXFileReference; lastKnownFileType = sourcecode.swift; path = State.swift; sourceTree = "<group>"; };
		16657CC826689DF300A5B76F /* Store.swift */ = {isa = PBXFileReference; lastKnownFileType = sourcecode.swift; path = Store.swift; sourceTree = "<group>"; };
		16657CCA26689F0500A5B76F /* Action.swift */ = {isa = PBXFileReference; lastKnownFileType = sourcecode.swift; path = Action.swift; sourceTree = "<group>"; };
/* End PBXFileReference section */

/* Begin PBXFrameworksBuildPhase section */
		16657CAD2668933600A5B76F /* Frameworks */ = {
			isa = PBXFrameworksBuildPhase;
			buildActionMask = 2147483647;
			files = (
			);
			runOnlyForDeploymentPostprocessing = 0;
		};
/* End PBXFrameworksBuildPhase section */

/* Begin PBXGroup section */
		16657CA72668933600A5B76F = {
			isa = PBXGroup;
			children = (
				16657CB22668933600A5B76F /* Redux */,
				16657CB12668933600A5B76F /* Products */,
			);
			sourceTree = "<group>";
		};
		16657CB12668933600A5B76F /* Products */ = {
			isa = PBXGroup;
			children = (
				16657CB02668933600A5B76F /* Redux.app */,
			);
			name = Products;
			sourceTree = "<group>";
		};
		16657CB22668933600A5B76F /* Redux */ = {
			isa = PBXGroup;
			children = (
				16657CB32668933600A5B76F /* ReduxApp.swift */,
				16657CC226689D1F00A5B76F /* Frameworks */,
				16657CC326689D2E00A5B76F /* Views */,
				16657CB72668933800A5B76F /* Assets.xcassets */,
				16657CBC2668933800A5B76F /* Info.plist */,
				16657CB92668933800A5B76F /* Preview Content */,
			);
			path = Redux;
			sourceTree = "<group>";
		};
		16657CB92668933800A5B76F /* Preview Content */ = {
			isa = PBXGroup;
			children = (
				16657CBA2668933800A5B76F /* Preview Assets.xcassets */,
			);
			path = "Preview Content";
			sourceTree = "<group>";
		};
		16657CC226689D1F00A5B76F /* Frameworks */ = {
			isa = PBXGroup;
			children = (
				16657CC426689D5D00A5B76F /* Reducer.swift */,
				16657CC626689D8100A5B76F /* State.swift */,
				16657CC826689DF300A5B76F /* Store.swift */,
				16657CCA26689F0500A5B76F /* Action.swift */,
			);
			path = Frameworks;
			sourceTree = "<group>";
		};
		16657CC326689D2E00A5B76F /* Views */ = {
			isa = PBXGroup;
			children = (
				16657CB52668933600A5B76F /* ContentView.swift */,
			);
			path = Views;
			sourceTree = "<group>";
		};
/* End PBXGroup section */

/* Begin PBXNativeTarget section */
		16657CAF2668933600A5B76F /* Redux */ = {
			isa = PBXNativeTarget;
			buildConfigurationList = 16657CBF2668933800A5B76F /* Build configuration list for PBXNativeTarget "Redux" */;
			buildPhases = (
				16657CAC2668933600A5B76F /* Sources */,
				16657CAD2668933600A5B76F /* Frameworks */,
				16657CAE2668933600A5B76F /* Resources */,
			);
			buildRules = (
			);
			dependencies = (
			);
			name = Redux;
			productName = Redux;
			productReference = 16657CB02668933600A5B76F /* Redux.app */;
			productType = "com.apple.product-type.application";
		};
/* End PBXNativeTarget section */

/* Begin PBXProject section */
		16657CA82668933600A5B76F /* Project object */ = {
			isa = PBXProject;
			attributes = {
				LastSwiftUpdateCheck = 1250;
				LastUpgradeCheck = 1250;
				TargetAttributes = {
					16657CAF2668933600A5B76F = {
						CreatedOnToolsVersion = 12.5;
					};
				};
			};
			buildConfigurationList = 16657CAB2668933600A5B76F /* Build configuration list for PBXProject "Redux" */;
			compatibilityVersion = "Xcode 9.3";
			developmentRegion = en;
			hasScannedForEncodings = 0;
			knownRegions = (
				en,
				Base,
			);
			mainGroup = 16657CA72668933600A5B76F;
			productRefGroup = 16657CB12668933600A5B76F /* Products */;
			projectDirPath = "";
			projectRoot = "";
			targets = (
				16657CAF2668933600A5B76F /* Redux */,
			);
		};
/* End PBXProject section */

/* Begin PBXResourcesBuildPhase section */
		16657CAE2668933600A5B76F /* Resources */ = {
			isa = PBXResourcesBuildPhase;
			buildActionMask = 2147483647;
			files = (
				16657CBB2668933800A5B76F /* Preview Assets.xcassets in Resources */,
				16657CB82668933800A5B76F /* Assets.xcassets in Resources */,
			);
			runOnlyForDeploymentPostprocessing = 0;
		};
/* End PBXResourcesBuildPhase section */

/* Begin PBXSourcesBuildPhase section */
		16657CAC2668933600A5B76F /* Sources */ = {
			isa = PBXSourcesBuildPhase;
			buildActionMask = 2147483647;
			files = (
				16657CC926689DF300A5B76F /* Store.swift in Sources */,
				16657CCB26689F0500A5B76F /* Action.swift in Sources */,
				16657CB62668933600A5B76F /* ContentView.swift in Sources */,
				16657CB42668933600A5B76F /* ReduxApp.swift in Sources */,
				16657CC526689D5D00A5B76F /* Reducer.swift in Sources */,
				16657CC726689D8100A5B76F /* State.swift in Sources */,
			);
			runOnlyForDeploymentPostprocessing = 0;
		};
/* End PBXSourcesBuildPhase section */

/* Begin XCBuildConfiguration section */
		16657CBD2668933800A5B76F /* Debug */ = {
			isa = XCBuildConfiguration;
			buildSettings = {
				ALWAYS_SEARCH_USER_PATHS = NO;
				CLANG_ANALYZER_NONNULL = YES;
				CLANG_ANALYZER_NUMBER_OBJECT_CONVERSION = YES_AGGRESSIVE;
				CLANG_CXX_LANGUAGE_STANDARD = "gnu++14";
				CLANG_CXX_LIBRARY = "libc++";
				CLANG_ENABLE_MODULES = YES;
				CLANG_ENABLE_OBJC_ARC = YES;
				CLANG_ENABLE_OBJC_WEAK = YES;
				CLANG_WARN_BLOCK_CAPTURE_AUTORELEASING = YES;
				CLANG_WARN_BOOL_CONVERSION = YES;
				CLANG_WARN_COMMA = YES;
				CLANG_WARN_CONSTANT_CONVERSION = YES;
				CLANG_WARN_DEPRECATED_OBJC_IMPLEMENTATIONS = YES;
				CLANG_WARN_DIRECT_OBJC_ISA_USAGE = YES_ERROR;
				CLANG_WARN_DOCUMENTATION_COMMENTS = YES;
				CLANG_WARN_EMPTY_BODY = YES;
				CLANG_WARN_ENUM_CONVERSION = YES;
				CLANG_WARN_INFINITE_RECURSION = YES;
				CLANG_WARN_INT_CONVERSION = YES;
				CLANG_WARN_NON_LITERAL_NULL_CONVERSION = YES;
				CLANG_WARN_OBJC_IMPLICIT_RETAIN_SELF = YES;
				CLANG_WARN_OBJC_LITERAL_CONVERSION = YES;
				CLANG_WARN_OBJC_ROOT_CLASS = YES_ERROR;
				CLANG_WARN_QUOTED_INCLUDE_IN_FRAMEWORK_HEADER = YES;
				CLANG_WARN_RANGE_LOOP_ANALYSIS = YES;
				CLANG_WARN_STRICT_PROTOTYPES = YES;
				CLANG_WARN_SUSPICIOUS_MOVE = YES;
				CLANG_WARN_UNGUARDED_AVAILABILITY = YES_AGGRESSIVE;
				CLANG_WARN_UNREACHABLE_CODE = YES;
				CLANG_WARN__DUPLICATE_METHOD_MATCH = YES;
				COPY_PHASE_STRIP = NO;
				DEBUG_INFORMATION_FORMAT = dwarf;
				ENABLE_STRICT_OBJC_MSGSEND = YES;
				ENABLE_TESTABILITY = YES;
				GCC_C_LANGUAGE_STANDARD = gnu11;
				GCC_DYNAMIC_NO_PIC = NO;
				GCC_NO_COMMON_BLOCKS = YES;
				GCC_OPTIMIZATION_LEVEL = 0;
				GCC_PREPROCESSOR_DEFINITIONS = (
					"DEBUG=1",
					"$(inherited)",
				);
				GCC_WARN_64_TO_32_BIT_CONVERSION = YES;
				GCC_WARN_ABOUT_RETURN_TYPE = YES_ERROR;
				GCC_WARN_UNDECLARED_SELECTOR = YES;
				GCC_WARN_UNINITIALIZED_AUTOS = YES_AGGRESSIVE;
				GCC_WARN_UNUSED_FUNCTION = YES;
				GCC_WARN_UNUSED_VARIABLE = YES;
				IPHONEOS_DEPLOYMENT_TARGET = 14.5;
				MTL_ENABLE_DEBUG_INFO = INCLUDE_SOURCE;
				MTL_FAST_MATH = YES;
				ONLY_ACTIVE_ARCH = YES;
				SDKROOT = iphoneos;
				SWIFT_ACTIVE_COMPILATION_CONDITIONS = DEBUG;
				SWIFT_OPTIMIZATION_LEVEL = "-Onone";
			};
			name = Debug;
		};
		16657CBE2668933800A5B76F /* Release */ = {
			isa = XCBuildConfiguration;
			buildSettings = {
				ALWAYS_SEARCH_USER_PATHS = NO;
				CLANG_ANALYZER_NONNULL = YES;
				CLANG_ANALYZER_NUMBER_OBJECT_CONVERSION = YES_AGGRESSIVE;
				CLANG_CXX_LANGUAGE_STANDARD = "gnu++14";
				CLANG_CXX_LIBRARY = "libc++";
				CLANG_ENABLE_MODULES = YES;
				CLANG_ENABLE_OBJC_ARC = YES;
				CLANG_ENABLE_OBJC_WEAK = YES;
				CLANG_WARN_BLOCK_CAPTURE_AUTORELEASING = YES;
				CLANG_WARN_BOOL_CONVERSION = YES;
				CLANG_WARN_COMMA = YES;
				CLANG_WARN_CONSTANT_CONVERSION = YES;
				CLANG_WARN_DEPRECATED_OBJC_IMPLEMENTATIONS = YES;
				CLANG_WARN_DIRECT_OBJC_ISA_USAGE = YES_ERROR;
				CLANG_WARN_DOCUMENTATION_COMMENTS = YES;
				CLANG_WARN_EMPTY_BODY = YES;
				CLANG_WARN_ENUM_CONVERSION = YES;
				CLANG_WARN_INFINITE_RECURSION = YES;
				CLANG_WARN_INT_CONVERSION = YES;
				CLANG_WARN_NON_LITERAL_NULL_CONVERSION = YES;
				CLANG_WARN_OBJC_IMPLICIT_RETAIN_SELF = YES;
				CLANG_WARN_OBJC_LITERAL_CONVERSION = YES;
				CLANG_WARN_OBJC_ROOT_CLASS = YES_ERROR;
				CLANG_WARN_QUOTED_INCLUDE_IN_FRAMEWORK_HEADER = YES;
				CLANG_WARN_RANGE_LOOP_ANALYSIS = YES;
				CLANG_WARN_STRICT_PROTOTYPES = YES;
				CLANG_WARN_SUSPICIOUS_MOVE = YES;
				CLANG_WARN_UNGUARDED_AVAILABILITY = YES_AGGRESSIVE;
				CLANG_WARN_UNREACHABLE_CODE = YES;
				CLANG_WARN__DUPLICATE_METHOD_MATCH = YES;
				COPY_PHASE_STRIP = NO;
				DEBUG_INFORMATION_FORMAT = "dwarf-with-dsym";
				ENABLE_NS_ASSERTIONS = NO;
				ENABLE_STRICT_OBJC_MSGSEND = YES;
				GCC_C_LANGUAGE_STANDARD = gnu11;
				GCC_NO_COMMON_BLOCKS = YES;
				GCC_WARN_64_TO_32_BIT_CONVERSION = YES;
				GCC_WARN_ABOUT_RETURN_TYPE = YES_ERROR;
				GCC_WARN_UNDECLARED_SELECTOR = YES;
				GCC_WARN_UNINITIALIZED_AUTOS = YES_AGGRESSIVE;
				GCC_WARN_UNUSED_FUNCTION = YES;
				GCC_WARN_UNUSED_VARIABLE = YES;
				IPHONEOS_DEPLOYMENT_TARGET = 14.5;
				MTL_ENABLE_DEBUG_INFO = NO;
				MTL_FAST_MATH = YES;
				SDKROOT = iphoneos;
				SWIFT_COMPILATION_MODE = wholemodule;
				SWIFT_OPTIMIZATION_LEVEL = "-O";
				VALIDATE_PRODUCT = YES;
			};
			name = Release;
		};
		16657CC02668933800A5B76F /* Debug */ = {
			isa = XCBuildConfiguration;
			buildSettings = {
				ASSETCATALOG_COMPILER_APPICON_NAME = AppIcon;
				ASSETCATALOG_COMPILER_GLOBAL_ACCENT_COLOR_NAME = AccentColor;
				CODE_SIGN_STYLE = Automatic;
				DEVELOPMENT_ASSET_PATHS = "\"Redux/Preview Content\"";
				DEVELOPMENT_TEAM = 6U792A794H;
				ENABLE_PREVIEWS = YES;
				INFOPLIST_FILE = Redux/Info.plist;
				IPHONEOS_DEPLOYMENT_TARGET = 14.0;
				LD_RUNPATH_SEARCH_PATHS = (
					"$(inherited)",
					"@executable_path/Frameworks",
				);
				PRODUCT_BUNDLE_IDENTIFIER = com.xho95.Redux;
				PRODUCT_NAME = "$(TARGET_NAME)";
				SWIFT_VERSION = 5.0;
				TARGETED_DEVICE_FAMILY = "1,2";
			};
			name = Debug;
		};
		16657CC12668933800A5B76F /* Release */ = {
			isa = XCBuildConfiguration;
			buildSettings = {
				ASSETCATALOG_COMPILER_APPICON_NAME = AppIcon;
				ASSETCATALOG_COMPILER_GLOBAL_ACCENT_COLOR_NAME = AccentColor;
				CODE_SIGN_STYLE = Automatic;
				DEVELOPMENT_ASSET_PATHS = "\"Redux/Preview Content\"";
				DEVELOPMENT_TEAM = 6U792A794H;
				ENABLE_PREVIEWS = YES;
				INFOPLIST_FILE = Redux/Info.plist;
				IPHONEOS_DEPLOYMENT_TARGET = 14.0;
				LD_RUNPATH_SEARCH_PATHS = (
					"$(inherited)",
					"@executable_path/Frameworks",
				);
				PRODUCT_BUNDLE_IDENTIFIER = com.xho95.Redux;
				PRODUCT_NAME = "$(TARGET_NAME)";
				SWIFT_VERSION = 5.0;
				TARGETED_DEVICE_FAMILY = "1,2";
			};
			name = Release;
		};
/* End XCBuildConfiguration section */

/* Begin XCConfigurationList section */
		16657CAB2668933600A5B76F /* Build configuration list for PBXProject "Redux" */ = {
			isa = XCConfigurationList;
			buildConfigurations = (
				16657CBD2668933800A5B76F /* Debug */,
				16657CBE2668933800A5B76F /* Release */,
			);
			defaultConfigurationIsVisible = 0;
			defaultConfigurationName = Release;
		};
		16657CBF2668933800A5B76F /* Build configuration list for PBXNativeTarget "Redux" */ = {
			isa = XCConfigurationList;
			buildConfigurations = (
				16657CC02668933800A5B76F /* Debug */,
				16657CC12668933800A5B76F /* Release */,
			);
			defaultConfigurationIsVisible = 0;
			defaultConfigurationName = Release;
		};
/* End XCConfigurationList section */
	};
	rootObject = 16657CA82668933600A5B76F /* Project object */;
}
