// !$*UTF8*$!
{
	archiveVersion = 1;
	classes = {
	};
	objectVersion = 50;
	objects = {

/* Begin PBXBuildFile section */
		16751D7A268C48B0003EE7AF /* UnitTestApp.swift in Sources */ = {isa = PBXBuildFile; fileRef = 16751D79268C48B0003EE7AF /* UnitTestApp.swift */; };
		16751D7C268C48B0003EE7AF /* ContentView.swift in Sources */ = {isa = PBXBuildFile; fileRef = 16751D7B268C48B0003EE7AF /* ContentView.swift */; };
		16751D7E268C48B2003EE7AF /* Assets.xcassets in Resources */ = {isa = PBXBuildFile; fileRef = 16751D7D268C48B2003EE7AF /* Assets.xcassets */; };
		16751D81268C48B2003EE7AF /* Preview Assets.xcassets in Resources */ = {isa = PBXBuildFile; fileRef = 16751D80268C48B2003EE7AF /* Preview Assets.xcassets */; };
		16751D8C268C48B2003EE7AF /* UnitTestTests.swift in Sources */ = {isa = PBXBuildFile; fileRef = 16751D8B268C48B2003EE7AF /* UnitTestTests.swift */; };
		16751D97268C48B2003EE7AF /* UnitTestUITests.swift in Sources */ = {isa = PBXBuildFile; fileRef = 16751D96268C48B2003EE7AF /* UnitTestUITests.swift */; };
/* End PBXBuildFile section */

/* Begin PBXContainerItemProxy section */
		16751D88268C48B2003EE7AF /* PBXContainerItemProxy */ = {
			isa = PBXContainerItemProxy;
			containerPortal = 16751D6E268C48B0003EE7AF /* Project object */;
			proxyType = 1;
			remoteGlobalIDString = 16751D75268C48B0003EE7AF;
			remoteInfo = UnitTest;
		};
		16751D93268C48B2003EE7AF /* PBXContainerItemProxy */ = {
			isa = PBXContainerItemProxy;
			containerPortal = 16751D6E268C48B0003EE7AF /* Project object */;
			proxyType = 1;
			remoteGlobalIDString = 16751D75268C48B0003EE7AF;
			remoteInfo = UnitTest;
		};
/* End PBXContainerItemProxy section */

/* Begin PBXFileReference section */
		16751D76268C48B0003EE7AF /* UnitTest.app */ = {isa = PBXFileReference; explicitFileType = wrapper.application; includeInIndex = 0; path = UnitTest.app; sourceTree = BUILT_PRODUCTS_DIR; };
		16751D79268C48B0003EE7AF /* UnitTestApp.swift */ = {isa = PBXFileReference; lastKnownFileType = sourcecode.swift; path = UnitTestApp.swift; sourceTree = "<group>"; };
		16751D7B268C48B0003EE7AF /* ContentView.swift */ = {isa = PBXFileReference; lastKnownFileType = sourcecode.swift; path = ContentView.swift; sourceTree = "<group>"; };
		16751D7D268C48B2003EE7AF /* Assets.xcassets */ = {isa = PBXFileReference; lastKnownFileType = folder.assetcatalog; path = Assets.xcassets; sourceTree = "<group>"; };
		16751D80268C48B2003EE7AF /* Preview Assets.xcassets */ = {isa = PBXFileReference; lastKnownFileType = folder.assetcatalog; path = "Preview Assets.xcassets"; sourceTree = "<group>"; };
		16751D82268C48B2003EE7AF /* Info.plist */ = {isa = PBXFileReference; lastKnownFileType = text.plist.xml; path = Info.plist; sourceTree = "<group>"; };
		16751D87268C48B2003EE7AF /* UnitTestTests.xctest */ = {isa = PBXFileReference; explicitFileType = wrapper.cfbundle; includeInIndex = 0; path = UnitTestTests.xctest; sourceTree = BUILT_PRODUCTS_DIR; };
		16751D8B268C48B2003EE7AF /* UnitTestTests.swift */ = {isa = PBXFileReference; lastKnownFileType = sourcecode.swift; path = UnitTestTests.swift; sourceTree = "<group>"; };
		16751D8D268C48B2003EE7AF /* Info.plist */ = {isa = PBXFileReference; lastKnownFileType = text.plist.xml; path = Info.plist; sourceTree = "<group>"; };
		16751D92268C48B2003EE7AF /* UnitTestUITests.xctest */ = {isa = PBXFileReference; explicitFileType = wrapper.cfbundle; includeInIndex = 0; path = UnitTestUITests.xctest; sourceTree = BUILT_PRODUCTS_DIR; };
		16751D96268C48B2003EE7AF /* UnitTestUITests.swift */ = {isa = PBXFileReference; lastKnownFileType = sourcecode.swift; path = UnitTestUITests.swift; sourceTree = "<group>"; };
		16751D98268C48B2003EE7AF /* Info.plist */ = {isa = PBXFileReference; lastKnownFileType = text.plist.xml; path = Info.plist; sourceTree = "<group>"; };
/* End PBXFileReference section */

/* Begin PBXFrameworksBuildPhase section */
		16751D73268C48B0003EE7AF /* Frameworks */ = {
			isa = PBXFrameworksBuildPhase;
			buildActionMask = 2147483647;
			files = (
			);
			runOnlyForDeploymentPostprocessing = 0;
		};
		16751D84268C48B2003EE7AF /* Frameworks */ = {
			isa = PBXFrameworksBuildPhase;
			buildActionMask = 2147483647;
			files = (
			);
			runOnlyForDeploymentPostprocessing = 0;
		};
		16751D8F268C48B2003EE7AF /* Frameworks */ = {
			isa = PBXFrameworksBuildPhase;
			buildActionMask = 2147483647;
			files = (
			);
			runOnlyForDeploymentPostprocessing = 0;
		};
/* End PBXFrameworksBuildPhase section */

/* Begin PBXGroup section */
		16751D6D268C48B0003EE7AF = {
			isa = PBXGroup;
			children = (
				16751D78268C48B0003EE7AF /* UnitTest */,
				16751D8A268C48B2003EE7AF /* UnitTestTests */,
				16751D95268C48B2003EE7AF /* UnitTestUITests */,
				16751D77268C48B0003EE7AF /* Products */,
			);
			sourceTree = "<group>";
		};
		16751D77268C48B0003EE7AF /* Products */ = {
			isa = PBXGroup;
			children = (
				16751D76268C48B0003EE7AF /* UnitTest.app */,
				16751D87268C48B2003EE7AF /* UnitTestTests.xctest */,
				16751D92268C48B2003EE7AF /* UnitTestUITests.xctest */,
			);
			name = Products;
			sourceTree = "<group>";
		};
		16751D78268C48B0003EE7AF /* UnitTest */ = {
			isa = PBXGroup;
			children = (
				16751D79268C48B0003EE7AF /* UnitTestApp.swift */,
				16751D7B268C48B0003EE7AF /* ContentView.swift */,
				16751D7D268C48B2003EE7AF /* Assets.xcassets */,
				16751D82268C48B2003EE7AF /* Info.plist */,
				16751D7F268C48B2003EE7AF /* Preview Content */,
			);
			path = UnitTest;
			sourceTree = "<group>";
		};
		16751D7F268C48B2003EE7AF /* Preview Content */ = {
			isa = PBXGroup;
			children = (
				16751D80268C48B2003EE7AF /* Preview Assets.xcassets */,
			);
			path = "Preview Content";
			sourceTree = "<group>";
		};
		16751D8A268C48B2003EE7AF /* UnitTestTests */ = {
			isa = PBXGroup;
			children = (
				16751D8B268C48B2003EE7AF /* UnitTestTests.swift */,
				16751D8D268C48B2003EE7AF /* Info.plist */,
			);
			path = UnitTestTests;
			sourceTree = "<group>";
		};
		16751D95268C48B2003EE7AF /* UnitTestUITests */ = {
			isa = PBXGroup;
			children = (
				16751D96268C48B2003EE7AF /* UnitTestUITests.swift */,
				16751D98268C48B2003EE7AF /* Info.plist */,
			);
			path = UnitTestUITests;
			sourceTree = "<group>";
		};
/* End PBXGroup section */

/* Begin PBXNativeTarget section */
		16751D75268C48B0003EE7AF /* UnitTest */ = {
			isa = PBXNativeTarget;
			buildConfigurationList = 16751D9B268C48B2003EE7AF /* Build configuration list for PBXNativeTarget "UnitTest" */;
			buildPhases = (
				16751D72268C48B0003EE7AF /* Sources */,
				16751D73268C48B0003EE7AF /* Frameworks */,
				16751D74268C48B0003EE7AF /* Resources */,
			);
			buildRules = (
			);
			dependencies = (
			);
			name = UnitTest;
			productName = UnitTest;
			productReference = 16751D76268C48B0003EE7AF /* UnitTest.app */;
			productType = "com.apple.product-type.application";
		};
		16751D86268C48B2003EE7AF /* UnitTestTests */ = {
			isa = PBXNativeTarget;
			buildConfigurationList = 16751D9E268C48B2003EE7AF /* Build configuration list for PBXNativeTarget "UnitTestTests" */;
			buildPhases = (
				16751D83268C48B2003EE7AF /* Sources */,
				16751D84268C48B2003EE7AF /* Frameworks */,
				16751D85268C48B2003EE7AF /* Resources */,
			);
			buildRules = (
			);
			dependencies = (
				16751D89268C48B2003EE7AF /* PBXTargetDependency */,
			);
			name = UnitTestTests;
			productName = UnitTestTests;
			productReference = 16751D87268C48B2003EE7AF /* UnitTestTests.xctest */;
			productType = "com.apple.product-type.bundle.unit-test";
		};
		16751D91268C48B2003EE7AF /* UnitTestUITests */ = {
			isa = PBXNativeTarget;
			buildConfigurationList = 16751DA1268C48B2003EE7AF /* Build configuration list for PBXNativeTarget "UnitTestUITests" */;
			buildPhases = (
				16751D8E268C48B2003EE7AF /* Sources */,
				16751D8F268C48B2003EE7AF /* Frameworks */,
				16751D90268C48B2003EE7AF /* Resources */,
			);
			buildRules = (
			);
			dependencies = (
				16751D94268C48B2003EE7AF /* PBXTargetDependency */,
			);
			name = UnitTestUITests;
			productName = UnitTestUITests;
			productReference = 16751D92268C48B2003EE7AF /* UnitTestUITests.xctest */;
			productType = "com.apple.product-type.bundle.ui-testing";
		};
/* End PBXNativeTarget section */

/* Begin PBXProject section */
		16751D6E268C48B0003EE7AF /* Project object */ = {
			isa = PBXProject;
			attributes = {
				LastSwiftUpdateCheck = 1250;
				LastUpgradeCheck = 1250;
				TargetAttributes = {
					16751D75268C48B0003EE7AF = {
						CreatedOnToolsVersion = 12.5.1;
					};
					16751D86268C48B2003EE7AF = {
						CreatedOnToolsVersion = 12.5.1;
						TestTargetID = 16751D75268C48B0003EE7AF;
					};
					16751D91268C48B2003EE7AF = {
						CreatedOnToolsVersion = 12.5.1;
						TestTargetID = 16751D75268C48B0003EE7AF;
					};
				};
			};
			buildConfigurationList = 16751D71268C48B0003EE7AF /* Build configuration list for PBXProject "UnitTest" */;
			compatibilityVersion = "Xcode 9.3";
			developmentRegion = en;
			hasScannedForEncodings = 0;
			knownRegions = (
				en,
				Base,
			);
			mainGroup = 16751D6D268C48B0003EE7AF;
			productRefGroup = 16751D77268C48B0003EE7AF /* Products */;
			projectDirPath = "";
			projectRoot = "";
			targets = (
				16751D75268C48B0003EE7AF /* UnitTest */,
				16751D86268C48B2003EE7AF /* UnitTestTests */,
				16751D91268C48B2003EE7AF /* UnitTestUITests */,
			);
		};
/* End PBXProject section */

/* Begin PBXResourcesBuildPhase section */
		16751D74268C48B0003EE7AF /* Resources */ = {
			isa = PBXResourcesBuildPhase;
			buildActionMask = 2147483647;
			files = (
				16751D81268C48B2003EE7AF /* Preview Assets.xcassets in Resources */,
				16751D7E268C48B2003EE7AF /* Assets.xcassets in Resources */,
			);
			runOnlyForDeploymentPostprocessing = 0;
		};
		16751D85268C48B2003EE7AF /* Resources */ = {
			isa = PBXResourcesBuildPhase;
			buildActionMask = 2147483647;
			files = (
			);
			runOnlyForDeploymentPostprocessing = 0;
		};
		16751D90268C48B2003EE7AF /* Resources */ = {
			isa = PBXResourcesBuildPhase;
			buildActionMask = 2147483647;
			files = (
			);
			runOnlyForDeploymentPostprocessing = 0;
		};
/* End PBXResourcesBuildPhase section */

/* Begin PBXSourcesBuildPhase section */
		16751D72268C48B0003EE7AF /* Sources */ = {
			isa = PBXSourcesBuildPhase;
			buildActionMask = 2147483647;
			files = (
				16751D7C268C48B0003EE7AF /* ContentView.swift in Sources */,
				16751D7A268C48B0003EE7AF /* UnitTestApp.swift in Sources */,
			);
			runOnlyForDeploymentPostprocessing = 0;
		};
		16751D83268C48B2003EE7AF /* Sources */ = {
			isa = PBXSourcesBuildPhase;
			buildActionMask = 2147483647;
			files = (
				16751D8C268C48B2003EE7AF /* UnitTestTests.swift in Sources */,
			);
			runOnlyForDeploymentPostprocessing = 0;
		};
		16751D8E268C48B2003EE7AF /* Sources */ = {
			isa = PBXSourcesBuildPhase;
			buildActionMask = 2147483647;
			files = (
				16751D97268C48B2003EE7AF /* UnitTestUITests.swift in Sources */,
			);
			runOnlyForDeploymentPostprocessing = 0;
		};
/* End PBXSourcesBuildPhase section */

/* Begin PBXTargetDependency section */
		16751D89268C48B2003EE7AF /* PBXTargetDependency */ = {
			isa = PBXTargetDependency;
			target = 16751D75268C48B0003EE7AF /* UnitTest */;
			targetProxy = 16751D88268C48B2003EE7AF /* PBXContainerItemProxy */;
		};
		16751D94268C48B2003EE7AF /* PBXTargetDependency */ = {
			isa = PBXTargetDependency;
			target = 16751D75268C48B0003EE7AF /* UnitTest */;
			targetProxy = 16751D93268C48B2003EE7AF /* PBXContainerItemProxy */;
		};
/* End PBXTargetDependency section */

/* Begin XCBuildConfiguration section */
		16751D99268C48B2003EE7AF /* Debug */ = {
			isa = XCBuildConfiguration;
			buildSettings = {
				ALWAYS_SEARCH_USER_PATHS = NO;
				CLANG_ANALYZER_NONNULL = YES;
				CLANG_ANALYZER_NUMBER_OBJECT_CONVERSION = YES_AGGRESSIVE;
				CLANG_CXX_LANGUAGE_STANDARD = "gnu++14";
				CLANG_CXX_LIBRARY = "libc++";
				CLANG_ENABLE_MODULES = YES;
				CLANG_ENABLE_OBJC_ARC = YES;
				CLANG_ENABLE_OBJC_WEAK = YES;
				CLANG_WARN_BLOCK_CAPTURE_AUTORELEASING = YES;
				CLANG_WARN_BOOL_CONVERSION = YES;
				CLANG_WARN_COMMA = YES;
				CLANG_WARN_CONSTANT_CONVERSION = YES;
				CLANG_WARN_DEPRECATED_OBJC_IMPLEMENTATIONS = YES;
				CLANG_WARN_DIRECT_OBJC_ISA_USAGE = YES_ERROR;
				CLANG_WARN_DOCUMENTATION_COMMENTS = YES;
				CLANG_WARN_EMPTY_BODY = YES;
				CLANG_WARN_ENUM_CONVERSION = YES;
				CLANG_WARN_INFINITE_RECURSION = YES;
				CLANG_WARN_INT_CONVERSION = YES;
				CLANG_WARN_NON_LITERAL_NULL_CONVERSION = YES;
				CLANG_WARN_OBJC_IMPLICIT_RETAIN_SELF = YES;
				CLANG_WARN_OBJC_LITERAL_CONVERSION = YES;
				CLANG_WARN_OBJC_ROOT_CLASS = YES_ERROR;
				CLANG_WARN_QUOTED_INCLUDE_IN_FRAMEWORK_HEADER = YES;
				CLANG_WARN_RANGE_LOOP_ANALYSIS = YES;
				CLANG_WARN_STRICT_PROTOTYPES = YES;
				CLANG_WARN_SUSPICIOUS_MOVE = YES;
				CLANG_WARN_UNGUARDED_AVAILABILITY = YES_AGGRESSIVE;
				CLANG_WARN_UNREACHABLE_CODE = YES;
				CLANG_WARN__DUPLICATE_METHOD_MATCH = YES;
				COPY_PHASE_STRIP = NO;
				DEBUG_INFORMATION_FORMAT = dwarf;
				ENABLE_STRICT_OBJC_MSGSEND = YES;
				ENABLE_TESTABILITY = YES;
				GCC_C_LANGUAGE_STANDARD = gnu11;
				GCC_DYNAMIC_NO_PIC = NO;
				GCC_NO_COMMON_BLOCKS = YES;
				GCC_OPTIMIZATION_LEVEL = 0;
				GCC_PREPROCESSOR_DEFINITIONS = (
					"DEBUG=1",
					"$(inherited)",
				);
				GCC_WARN_64_TO_32_BIT_CONVERSION = YES;
				GCC_WARN_ABOUT_RETURN_TYPE = YES_ERROR;
				GCC_WARN_UNDECLARED_SELECTOR = YES;
				GCC_WARN_UNINITIALIZED_AUTOS = YES_AGGRESSIVE;
				GCC_WARN_UNUSED_FUNCTION = YES;
				GCC_WARN_UNUSED_VARIABLE = YES;
				IPHONEOS_DEPLOYMENT_TARGET = 14.5;
				MTL_ENABLE_DEBUG_INFO = INCLUDE_SOURCE;
				MTL_FAST_MATH = YES;
				ONLY_ACTIVE_ARCH = YES;
				SDKROOT = iphoneos;
				SWIFT_ACTIVE_COMPILATION_CONDITIONS = DEBUG;
				SWIFT_OPTIMIZATION_LEVEL = "-Onone";
			};
			name = Debug;
		};
		16751D9A268C48B2003EE7AF /* Release */ = {
			isa = XCBuildConfiguration;
			buildSettings = {
				ALWAYS_SEARCH_USER_PATHS = NO;
				CLANG_ANALYZER_NONNULL = YES;
				CLANG_ANALYZER_NUMBER_OBJECT_CONVERSION = YES_AGGRESSIVE;
				CLANG_CXX_LANGUAGE_STANDARD = "gnu++14";
				CLANG_CXX_LIBRARY = "libc++";
				CLANG_ENABLE_MODULES = YES;
				CLANG_ENABLE_OBJC_ARC = YES;
				CLANG_ENABLE_OBJC_WEAK = YES;
				CLANG_WARN_BLOCK_CAPTURE_AUTORELEASING = YES;
				CLANG_WARN_BOOL_CONVERSION = YES;
				CLANG_WARN_COMMA = YES;
				CLANG_WARN_CONSTANT_CONVERSION = YES;
				CLANG_WARN_DEPRECATED_OBJC_IMPLEMENTATIONS = YES;
				CLANG_WARN_DIRECT_OBJC_ISA_USAGE = YES_ERROR;
				CLANG_WARN_DOCUMENTATION_COMMENTS = YES;
				CLANG_WARN_EMPTY_BODY = YES;
				CLANG_WARN_ENUM_CONVERSION = YES;
				CLANG_WARN_INFINITE_RECURSION = YES;
				CLANG_WARN_INT_CONVERSION = YES;
				CLANG_WARN_NON_LITERAL_NULL_CONVERSION = YES;
				CLANG_WARN_OBJC_IMPLICIT_RETAIN_SELF = YES;
				CLANG_WARN_OBJC_LITERAL_CONVERSION = YES;
				CLANG_WARN_OBJC_ROOT_CLASS = YES_ERROR;
				CLANG_WARN_QUOTED_INCLUDE_IN_FRAMEWORK_HEADER = YES;
				CLANG_WARN_RANGE_LOOP_ANALYSIS = YES;
				CLANG_WARN_STRICT_PROTOTYPES = YES;
				CLANG_WARN_SUSPICIOUS_MOVE = YES;
				CLANG_WARN_UNGUARDED_AVAILABILITY = YES_AGGRESSIVE;
				CLANG_WARN_UNREACHABLE_CODE = YES;
				CLANG_WARN__DUPLICATE_METHOD_MATCH = YES;
				COPY_PHASE_STRIP = NO;
				DEBUG_INFORMATION_FORMAT = "dwarf-with-dsym";
				ENABLE_NS_ASSERTIONS = NO;
				ENABLE_STRICT_OBJC_MSGSEND = YES;
				GCC_C_LANGUAGE_STANDARD = gnu11;
				GCC_NO_COMMON_BLOCKS = YES;
				GCC_WARN_64_TO_32_BIT_CONVERSION = YES;
				GCC_WARN_ABOUT_RETURN_TYPE = YES_ERROR;
				GCC_WARN_UNDECLARED_SELECTOR = YES;
				GCC_WARN_UNINITIALIZED_AUTOS = YES_AGGRESSIVE;
				GCC_WARN_UNUSED_FUNCTION = YES;
				GCC_WARN_UNUSED_VARIABLE = YES;
				IPHONEOS_DEPLOYMENT_TARGET = 14.5;
				MTL_ENABLE_DEBUG_INFO = NO;
				MTL_FAST_MATH = YES;
				SDKROOT = iphoneos;
				SWIFT_COMPILATION_MODE = wholemodule;
				SWIFT_OPTIMIZATION_LEVEL = "-O";
				VALIDATE_PRODUCT = YES;
			};
			name = Release;
		};
		16751D9C268C48B2003EE7AF /* Debug */ = {
			isa = XCBuildConfiguration;
			buildSettings = {
				ASSETCATALOG_COMPILER_APPICON_NAME = AppIcon;
				ASSETCATALOG_COMPILER_GLOBAL_ACCENT_COLOR_NAME = AccentColor;
				CODE_SIGN_STYLE = Automatic;
				DEVELOPMENT_ASSET_PATHS = "\"UnitTest/Preview Content\"";
				DEVELOPMENT_TEAM = 6U792A794H;
				ENABLE_PREVIEWS = YES;
				INFOPLIST_FILE = UnitTest/Info.plist;
				IPHONEOS_DEPLOYMENT_TARGET = 14.0;
				LD_RUNPATH_SEARCH_PATHS = (
					"$(inherited)",
					"@executable_path/Frameworks",
				);
				PRODUCT_BUNDLE_IDENTIFIER = com.xho95.UnitTest;
				PRODUCT_NAME = "$(TARGET_NAME)";
				SWIFT_VERSION = 5.0;
				TARGETED_DEVICE_FAMILY = "1,2";
			};
			name = Debug;
		};
		16751D9D268C48B2003EE7AF /* Release */ = {
			isa = XCBuildConfiguration;
			buildSettings = {
				ASSETCATALOG_COMPILER_APPICON_NAME = AppIcon;
				ASSETCATALOG_COMPILER_GLOBAL_ACCENT_COLOR_NAME = AccentColor;
				CODE_SIGN_STYLE = Automatic;
				DEVELOPMENT_ASSET_PATHS = "\"UnitTest/Preview Content\"";
				DEVELOPMENT_TEAM = 6U792A794H;
				ENABLE_PREVIEWS = YES;
				INFOPLIST_FILE = UnitTest/Info.plist;
				IPHONEOS_DEPLOYMENT_TARGET = 14.0;
				LD_RUNPATH_SEARCH_PATHS = (
					"$(inherited)",
					"@executable_path/Frameworks",
				);
				PRODUCT_BUNDLE_IDENTIFIER = com.xho95.UnitTest;
				PRODUCT_NAME = "$(TARGET_NAME)";
				SWIFT_VERSION = 5.0;
				TARGETED_DEVICE_FAMILY = "1,2";
			};
			name = Release;
		};
		16751D9F268C48B2003EE7AF /* Debug */ = {
			isa = XCBuildConfiguration;
			buildSettings = {
				ALWAYS_EMBED_SWIFT_STANDARD_LIBRARIES = YES;
				BUNDLE_LOADER = "$(TEST_HOST)";
				CODE_SIGN_STYLE = Automatic;
				DEVELOPMENT_TEAM = 6U792A794H;
				INFOPLIST_FILE = UnitTestTests/Info.plist;
				IPHONEOS_DEPLOYMENT_TARGET = 14.0;
				LD_RUNPATH_SEARCH_PATHS = (
					"$(inherited)",
					"@executable_path/Frameworks",
					"@loader_path/Frameworks",
				);
				PRODUCT_BUNDLE_IDENTIFIER = com.xho95.UnitTestTests;
				PRODUCT_NAME = "$(TARGET_NAME)";
				SWIFT_VERSION = 5.0;
				TARGETED_DEVICE_FAMILY = "1,2";
				TEST_HOST = "$(BUILT_PRODUCTS_DIR)/UnitTest.app/UnitTest";
			};
			name = Debug;
		};
		16751DA0268C48B2003EE7AF /* Release */ = {
			isa = XCBuildConfiguration;
			buildSettings = {
				ALWAYS_EMBED_SWIFT_STANDARD_LIBRARIES = YES;
				BUNDLE_LOADER = "$(TEST_HOST)";
				CODE_SIGN_STYLE = Automatic;
				DEVELOPMENT_TEAM = 6U792A794H;
				INFOPLIST_FILE = UnitTestTests/Info.plist;
				IPHONEOS_DEPLOYMENT_TARGET = 14.0;
				LD_RUNPATH_SEARCH_PATHS = (
					"$(inherited)",
					"@executable_path/Frameworks",
					"@loader_path/Frameworks",
				);
				PRODUCT_BUNDLE_IDENTIFIER = com.xho95.UnitTestTests;
				PRODUCT_NAME = "$(TARGET_NAME)";
				SWIFT_VERSION = 5.0;
				TARGETED_DEVICE_FAMILY = "1,2";
				TEST_HOST = "$(BUILT_PRODUCTS_DIR)/UnitTest.app/UnitTest";
			};
			name = Release;
		};
		16751DA2268C48B2003EE7AF /* Debug */ = {
			isa = XCBuildConfiguration;
			buildSettings = {
				ALWAYS_EMBED_SWIFT_STANDARD_LIBRARIES = YES;
				CODE_SIGN_STYLE = Automatic;
				DEVELOPMENT_TEAM = 6U792A794H;
				INFOPLIST_FILE = UnitTestUITests/Info.plist;
				LD_RUNPATH_SEARCH_PATHS = (
					"$(inherited)",
					"@executable_path/Frameworks",
					"@loader_path/Frameworks",
				);
				PRODUCT_BUNDLE_IDENTIFIER = com.xho95.UnitTestUITests;
				PRODUCT_NAME = "$(TARGET_NAME)";
				SWIFT_VERSION = 5.0;
				TARGETED_DEVICE_FAMILY = "1,2";
				TEST_TARGET_NAME = UnitTest;
			};
			name = Debug;
		};
		16751DA3268C48B2003EE7AF /* Release */ = {
			isa = XCBuildConfiguration;
			buildSettings = {
				ALWAYS_EMBED_SWIFT_STANDARD_LIBRARIES = YES;
				CODE_SIGN_STYLE = Automatic;
				DEVELOPMENT_TEAM = 6U792A794H;
				INFOPLIST_FILE = UnitTestUITests/Info.plist;
				LD_RUNPATH_SEARCH_PATHS = (
					"$(inherited)",
					"@executable_path/Frameworks",
					"@loader_path/Frameworks",
				);
				PRODUCT_BUNDLE_IDENTIFIER = com.xho95.UnitTestUITests;
				PRODUCT_NAME = "$(TARGET_NAME)";
				SWIFT_VERSION = 5.0;
				TARGETED_DEVICE_FAMILY = "1,2";
				TEST_TARGET_NAME = UnitTest;
			};
			name = Release;
		};
/* End XCBuildConfiguration section */

/* Begin XCConfigurationList section */
		16751D71268C48B0003EE7AF /* Build configuration list for PBXProject "UnitTest" */ = {
			isa = XCConfigurationList;
			buildConfigurations = (
				16751D99268C48B2003EE7AF /* Debug */,
				16751D9A268C48B2003EE7AF /* Release */,
			);
			defaultConfigurationIsVisible = 0;
			defaultConfigurationName = Release;
		};
		16751D9B268C48B2003EE7AF /* Build configuration list for PBXNativeTarget "UnitTest" */ = {
			isa = XCConfigurationList;
			buildConfigurations = (
				16751D9C268C48B2003EE7AF /* Debug */,
				16751D9D268C48B2003EE7AF /* Release */,
			);
			defaultConfigurationIsVisible = 0;
			defaultConfigurationName = Release;
		};
		16751D9E268C48B2003EE7AF /* Build configuration list for PBXNativeTarget "UnitTestTests" */ = {
			isa = XCConfigurationList;
			buildConfigurations = (
				16751D9F268C48B2003EE7AF /* Debug */,
				16751DA0268C48B2003EE7AF /* Release */,
			);
			defaultConfigurationIsVisible = 0;
			defaultConfigurationName = Release;
		};
		16751DA1268C48B2003EE7AF /* Build configuration list for PBXNativeTarget "UnitTestUITests" */ = {
			isa = XCConfigurationList;
			buildConfigurations = (
				16751DA2268C48B2003EE7AF /* Debug */,
				16751DA3268C48B2003EE7AF /* Release */,
			);
			defaultConfigurationIsVisible = 0;
			defaultConfigurationName = Release;
		};
/* End XCConfigurationList section */
	};
	rootObject = 16751D6E268C48B0003EE7AF /* Project object */;
}
