// !$*UTF8*$!
{
	archiveVersion = 1;
	classes = {
	};
	objectVersion = 56;
	objects = {

/* Begin PBXBuildFile section */
		2C69A77C291C9A2E001B3108 /* ScollPagingApp.swift in Sources */ = {isa = PBXBuildFile; fileRef = 2C69A77B291C9A2E001B3108 /* ScollPagingApp.swift */; };
		2C69A77E291C9A2E001B3108 /* ContentView.swift in Sources */ = {isa = PBXBuildFile; fileRef = 2C69A77D291C9A2E001B3108 /* ContentView.swift */; };
		2C69A780291C9A2F001B3108 /* Assets.xcassets in Resources */ = {isa = PBXBuildFile; fileRef = 2C69A77F291C9A2F001B3108 /* Assets.xcassets */; };
		2C69A783291C9A2F001B3108 /* Preview Assets.xcassets in Resources */ = {isa = PBXBuildFile; fileRef = 2C69A782291C9A2F001B3108 /* Preview Assets.xcassets */; };
		2C69A78A291C9A93001B3108 /* HorizontalPageView.swift in Sources */ = {isa = PBXBuildFile; fileRef = 2C69A789291C9A93001B3108 /* HorizontalPageView.swift */; };
		2C69A78C291C9BAF001B3108 /* PageItemView.swift in Sources */ = {isa = PBXBuildFile; fileRef = 2C69A78B291C9BAF001B3108 /* PageItemView.swift */; };
		2C69A78E291CC074001B3108 /* ScrollPageView.swift in Sources */ = {isa = PBXBuildFile; fileRef = 2C69A78D291CC074001B3108 /* ScrollPageView.swift */; };
		2C69A790291CCD9E001B3108 /* GesturePageView.swift in Sources */ = {isa = PBXBuildFile; fileRef = 2C69A78F291CCD9E001B3108 /* GesturePageView.swift */; };
		2C69A792291CCFBA001B3108 /* HorizontalScrollModifier .swift in Sources */ = {isa = PBXBuildFile; fileRef = 2C69A791291CCFBA001B3108 /* HorizontalScrollModifier .swift */; };
/* End PBXBuildFile section */

/* Begin PBXFileReference section */
		2C69A778291C9A2E001B3108 /* ScollPaging.app */ = {isa = PBXFileReference; explicitFileType = wrapper.application; includeInIndex = 0; path = ScollPaging.app; sourceTree = BUILT_PRODUCTS_DIR; };
		2C69A77B291C9A2E001B3108 /* ScollPagingApp.swift */ = {isa = PBXFileReference; lastKnownFileType = sourcecode.swift; path = ScollPagingApp.swift; sourceTree = "<group>"; };
		2C69A77D291C9A2E001B3108 /* ContentView.swift */ = {isa = PBXFileReference; lastKnownFileType = sourcecode.swift; path = ContentView.swift; sourceTree = "<group>"; };
		2C69A77F291C9A2F001B3108 /* Assets.xcassets */ = {isa = PBXFileReference; lastKnownFileType = folder.assetcatalog; path = Assets.xcassets; sourceTree = "<group>"; };
		2C69A782291C9A2F001B3108 /* Preview Assets.xcassets */ = {isa = PBXFileReference; lastKnownFileType = folder.assetcatalog; path = "Preview Assets.xcassets"; sourceTree = "<group>"; };
		2C69A789291C9A93001B3108 /* HorizontalPageView.swift */ = {isa = PBXFileReference; lastKnownFileType = sourcecode.swift; path = HorizontalPageView.swift; sourceTree = "<group>"; };
		2C69A78B291C9BAF001B3108 /* PageItemView.swift */ = {isa = PBXFileReference; lastKnownFileType = sourcecode.swift; path = PageItemView.swift; sourceTree = "<group>"; };
		2C69A78D291CC074001B3108 /* ScrollPageView.swift */ = {isa = PBXFileReference; lastKnownFileType = sourcecode.swift; path = ScrollPageView.swift; sourceTree = "<group>"; };
		2C69A78F291CCD9E001B3108 /* GesturePageView.swift */ = {isa = PBXFileReference; lastKnownFileType = sourcecode.swift; path = GesturePageView.swift; sourceTree = "<group>"; };
		2C69A791291CCFBA001B3108 /* HorizontalScrollModifier .swift */ = {isa = PBXFileReference; lastKnownFileType = sourcecode.swift; path = "HorizontalScrollModifier .swift"; sourceTree = "<group>"; };
/* End PBXFileReference section */

/* Begin PBXFrameworksBuildPhase section */
		2C69A775291C9A2E001B3108 /* Frameworks */ = {
			isa = PBXFrameworksBuildPhase;
			buildActionMask = 2147483647;
			files = (
			);
			runOnlyForDeploymentPostprocessing = 0;
		};
/* End PBXFrameworksBuildPhase section */

/* Begin PBXGroup section */
		2C69A76F291C9A2E001B3108 = {
			isa = PBXGroup;
			children = (
				2C69A77A291C9A2E001B3108 /* ScollPaging */,
				2C69A779291C9A2E001B3108 /* Products */,
			);
			sourceTree = "<group>";
		};
		2C69A779291C9A2E001B3108 /* Products */ = {
			isa = PBXGroup;
			children = (
				2C69A778291C9A2E001B3108 /* ScollPaging.app */,
			);
			name = Products;
			sourceTree = "<group>";
		};
		2C69A77A291C9A2E001B3108 /* ScollPaging */ = {
			isa = PBXGroup;
			children = (
				2C69A77B291C9A2E001B3108 /* ScollPagingApp.swift */,
				2C69A77D291C9A2E001B3108 /* ContentView.swift */,
				2C69A789291C9A93001B3108 /* HorizontalPageView.swift */,
				2C69A78B291C9BAF001B3108 /* PageItemView.swift */,
				2C69A78D291CC074001B3108 /* ScrollPageView.swift */,
				2C69A78F291CCD9E001B3108 /* GesturePageView.swift */,
				2C69A791291CCFBA001B3108 /* HorizontalScrollModifier .swift */,
				2C69A77F291C9A2F001B3108 /* Assets.xcassets */,
				2C69A781291C9A2F001B3108 /* Preview Content */,
			);
			path = ScollPaging;
			sourceTree = "<group>";
		};
		2C69A781291C9A2F001B3108 /* Preview Content */ = {
			isa = PBXGroup;
			children = (
				2C69A782291C9A2F001B3108 /* Preview Assets.xcassets */,
			);
			path = "Preview Content";
			sourceTree = "<group>";
		};
/* End PBXGroup section */

/* Begin PBXNativeTarget section */
		2C69A777291C9A2E001B3108 /* ScollPaging */ = {
			isa = PBXNativeTarget;
			buildConfigurationList = 2C69A786291C9A2F001B3108 /* Build configuration list for PBXNativeTarget "ScollPaging" */;
			buildPhases = (
				2C69A774291C9A2E001B3108 /* Sources */,
				2C69A775291C9A2E001B3108 /* Frameworks */,
				2C69A776291C9A2E001B3108 /* Resources */,
			);
			buildRules = (
			);
			dependencies = (
			);
			name = ScollPaging;
			productName = ScollPaging;
			productReference = 2C69A778291C9A2E001B3108 /* ScollPaging.app */;
			productType = "com.apple.product-type.application";
		};
/* End PBXNativeTarget section */

/* Begin PBXProject section */
		2C69A770291C9A2E001B3108 /* Project object */ = {
			isa = PBXProject;
			attributes = {
				BuildIndependentTargetsInParallel = 1;
				LastSwiftUpdateCheck = 1410;
				LastUpgradeCheck = 1410;
				TargetAttributes = {
					2C69A777291C9A2E001B3108 = {
						CreatedOnToolsVersion = 14.1;
					};
				};
			};
			buildConfigurationList = 2C69A773291C9A2E001B3108 /* Build configuration list for PBXProject "ScollPaging" */;
			compatibilityVersion = "Xcode 14.0";
			developmentRegion = en;
			hasScannedForEncodings = 0;
			knownRegions = (
				en,
				Base,
			);
			mainGroup = 2C69A76F291C9A2E001B3108;
			productRefGroup = 2C69A779291C9A2E001B3108 /* Products */;
			projectDirPath = "";
			projectRoot = "";
			targets = (
				2C69A777291C9A2E001B3108 /* ScollPaging */,
			);
		};
/* End PBXProject section */

/* Begin PBXResourcesBuildPhase section */
		2C69A776291C9A2E001B3108 /* Resources */ = {
			isa = PBXResourcesBuildPhase;
			buildActionMask = 2147483647;
			files = (
				2C69A783291C9A2F001B3108 /* Preview Assets.xcassets in Resources */,
				2C69A780291C9A2F001B3108 /* Assets.xcassets in Resources */,
			);
			runOnlyForDeploymentPostprocessing = 0;
		};
/* End PBXResourcesBuildPhase section */

/* Begin PBXSourcesBuildPhase section */
		2C69A774291C9A2E001B3108 /* Sources */ = {
			isa = PBXSourcesBuildPhase;
			buildActionMask = 2147483647;
			files = (
				2C69A77E291C9A2E001B3108 /* ContentView.swift in Sources */,
				2C69A792291CCFBA001B3108 /* HorizontalScrollModifier .swift in Sources */,
				2C69A78C291C9BAF001B3108 /* PageItemView.swift in Sources */,
				2C69A78A291C9A93001B3108 /* HorizontalPageView.swift in Sources */,
				2C69A77C291C9A2E001B3108 /* ScollPagingApp.swift in Sources */,
				2C69A78E291CC074001B3108 /* ScrollPageView.swift in Sources */,
				2C69A790291CCD9E001B3108 /* GesturePageView.swift in Sources */,
			);
			runOnlyForDeploymentPostprocessing = 0;
		};
/* End PBXSourcesBuildPhase section */

/* Begin XCBuildConfiguration section */
		2C69A784291C9A2F001B3108 /* Debug */ = {
			isa = XCBuildConfiguration;
			buildSettings = {
				ALWAYS_SEARCH_USER_PATHS = NO;
				CLANG_ANALYZER_NONNULL = YES;
				CLANG_ANALYZER_NUMBER_OBJECT_CONVERSION = YES_AGGRESSIVE;
				CLANG_CXX_LANGUAGE_STANDARD = "gnu++20";
				CLANG_ENABLE_MODULES = YES;
				CLANG_ENABLE_OBJC_ARC = YES;
				CLANG_ENABLE_OBJC_WEAK = YES;
				CLANG_WARN_BLOCK_CAPTURE_AUTORELEASING = YES;
				CLANG_WARN_BOOL_CONVERSION = YES;
				CLANG_WARN_COMMA = YES;
				CLANG_WARN_CONSTANT_CONVERSION = YES;
				CLANG_WARN_DEPRECATED_OBJC_IMPLEMENTATIONS = YES;
				CLANG_WARN_DIRECT_OBJC_ISA_USAGE = YES_ERROR;
				CLANG_WARN_DOCUMENTATION_COMMENTS = YES;
				CLANG_WARN_EMPTY_BODY = YES;
				CLANG_WARN_ENUM_CONVERSION = YES;
				CLANG_WARN_INFINITE_RECURSION = YES;
				CLANG_WARN_INT_CONVERSION = YES;
				CLANG_WARN_NON_LITERAL_NULL_CONVERSION = YES;
				CLANG_WARN_OBJC_IMPLICIT_RETAIN_SELF = YES;
				CLANG_WARN_OBJC_LITERAL_CONVERSION = YES;
				CLANG_WARN_OBJC_ROOT_CLASS = YES_ERROR;
				CLANG_WARN_QUOTED_INCLUDE_IN_FRAMEWORK_HEADER = YES;
				CLANG_WARN_RANGE_LOOP_ANALYSIS = YES;
				CLANG_WARN_STRICT_PROTOTYPES = YES;
				CLANG_WARN_SUSPICIOUS_MOVE = YES;
				CLANG_WARN_UNGUARDED_AVAILABILITY = YES_AGGRESSIVE;
				CLANG_WARN_UNREACHABLE_CODE = YES;
				CLANG_WARN__DUPLICATE_METHOD_MATCH = YES;
				COPY_PHASE_STRIP = NO;
				DEBUG_INFORMATION_FORMAT = dwarf;
				ENABLE_STRICT_OBJC_MSGSEND = YES;
				ENABLE_TESTABILITY = YES;
				GCC_C_LANGUAGE_STANDARD = gnu11;
				GCC_DYNAMIC_NO_PIC = NO;
				GCC_NO_COMMON_BLOCKS = YES;
				GCC_OPTIMIZATION_LEVEL = 0;
				GCC_PREPROCESSOR_DEFINITIONS = (
					"DEBUG=1",
					"$(inherited)",
				);
				GCC_WARN_64_TO_32_BIT_CONVERSION = YES;
				GCC_WARN_ABOUT_RETURN_TYPE = YES_ERROR;
				GCC_WARN_UNDECLARED_SELECTOR = YES;
				GCC_WARN_UNINITIALIZED_AUTOS = YES_AGGRESSIVE;
				GCC_WARN_UNUSED_FUNCTION = YES;
				GCC_WARN_UNUSED_VARIABLE = YES;
				IPHONEOS_DEPLOYMENT_TARGET = 16.1;
				MTL_ENABLE_DEBUG_INFO = INCLUDE_SOURCE;
				MTL_FAST_MATH = YES;
				ONLY_ACTIVE_ARCH = YES;
				SDKROOT = iphoneos;
				SWIFT_ACTIVE_COMPILATION_CONDITIONS = DEBUG;
				SWIFT_OPTIMIZATION_LEVEL = "-Onone";
			};
			name = Debug;
		};
		2C69A785291C9A2F001B3108 /* Release */ = {
			isa = XCBuildConfiguration;
			buildSettings = {
				ALWAYS_SEARCH_USER_PATHS = NO;
				CLANG_ANALYZER_NONNULL = YES;
				CLANG_ANALYZER_NUMBER_OBJECT_CONVERSION = YES_AGGRESSIVE;
				CLANG_CXX_LANGUAGE_STANDARD = "gnu++20";
				CLANG_ENABLE_MODULES = YES;
				CLANG_ENABLE_OBJC_ARC = YES;
				CLANG_ENABLE_OBJC_WEAK = YES;
				CLANG_WARN_BLOCK_CAPTURE_AUTORELEASING = YES;
				CLANG_WARN_BOOL_CONVERSION = YES;
				CLANG_WARN_COMMA = YES;
				CLANG_WARN_CONSTANT_CONVERSION = YES;
				CLANG_WARN_DEPRECATED_OBJC_IMPLEMENTATIONS = YES;
				CLANG_WARN_DIRECT_OBJC_ISA_USAGE = YES_ERROR;
				CLANG_WARN_DOCUMENTATION_COMMENTS = YES;
				CLANG_WARN_EMPTY_BODY = YES;
				CLANG_WARN_ENUM_CONVERSION = YES;
				CLANG_WARN_INFINITE_RECURSION = YES;
				CLANG_WARN_INT_CONVERSION = YES;
				CLANG_WARN_NON_LITERAL_NULL_CONVERSION = YES;
				CLANG_WARN_OBJC_IMPLICIT_RETAIN_SELF = YES;
				CLANG_WARN_OBJC_LITERAL_CONVERSION = YES;
				CLANG_WARN_OBJC_ROOT_CLASS = YES_ERROR;
				CLANG_WARN_QUOTED_INCLUDE_IN_FRAMEWORK_HEADER = YES;
				CLANG_WARN_RANGE_LOOP_ANALYSIS = YES;
				CLANG_WARN_STRICT_PROTOTYPES = YES;
				CLANG_WARN_SUSPICIOUS_MOVE = YES;
				CLANG_WARN_UNGUARDED_AVAILABILITY = YES_AGGRESSIVE;
				CLANG_WARN_UNREACHABLE_CODE = YES;
				CLANG_WARN__DUPLICATE_METHOD_MATCH = YES;
				COPY_PHASE_STRIP = NO;
				DEBUG_INFORMATION_FORMAT = "dwarf-with-dsym";
				ENABLE_NS_ASSERTIONS = NO;
				ENABLE_STRICT_OBJC_MSGSEND = YES;
				GCC_C_LANGUAGE_STANDARD = gnu11;
				GCC_NO_COMMON_BLOCKS = YES;
				GCC_WARN_64_TO_32_BIT_CONVERSION = YES;
				GCC_WARN_ABOUT_RETURN_TYPE = YES_ERROR;
				GCC_WARN_UNDECLARED_SELECTOR = YES;
				GCC_WARN_UNINITIALIZED_AUTOS = YES_AGGRESSIVE;
				GCC_WARN_UNUSED_FUNCTION = YES;
				GCC_WARN_UNUSED_VARIABLE = YES;
				IPHONEOS_DEPLOYMENT_TARGET = 16.1;
				MTL_ENABLE_DEBUG_INFO = NO;
				MTL_FAST_MATH = YES;
				SDKROOT = iphoneos;
				SWIFT_COMPILATION_MODE = wholemodule;
				SWIFT_OPTIMIZATION_LEVEL = "-O";
				VALIDATE_PRODUCT = YES;
			};
			name = Release;
		};
		2C69A787291C9A2F001B3108 /* Debug */ = {
			isa = XCBuildConfiguration;
			buildSettings = {
				ASSETCATALOG_COMPILER_APPICON_NAME = AppIcon;
				ASSETCATALOG_COMPILER_GLOBAL_ACCENT_COLOR_NAME = AccentColor;
				CODE_SIGN_STYLE = Automatic;
				CURRENT_PROJECT_VERSION = 1;
				DEVELOPMENT_ASSET_PATHS = "\"ScollPaging/Preview Content\"";
				DEVELOPMENT_TEAM = 6U792A794H;
				ENABLE_PREVIEWS = YES;
				GENERATE_INFOPLIST_FILE = YES;
				INFOPLIST_KEY_UIApplicationSceneManifest_Generation = YES;
				INFOPLIST_KEY_UIApplicationSupportsIndirectInputEvents = YES;
				INFOPLIST_KEY_UILaunchScreen_Generation = YES;
				INFOPLIST_KEY_UISupportedInterfaceOrientations_iPad = "UIInterfaceOrientationPortrait UIInterfaceOrientationPortraitUpsideDown UIInterfaceOrientationLandscapeLeft UIInterfaceOrientationLandscapeRight";
				INFOPLIST_KEY_UISupportedInterfaceOrientations_iPhone = "UIInterfaceOrientationPortrait UIInterfaceOrientationLandscapeLeft UIInterfaceOrientationLandscapeRight";
				LD_RUNPATH_SEARCH_PATHS = (
					"$(inherited)",
					"@executable_path/Frameworks",
				);
				MARKETING_VERSION = 1.0;
				PRODUCT_BUNDLE_IDENTIFIER = com.xho95.ScollPaging;
				PRODUCT_NAME = "$(TARGET_NAME)";
				SWIFT_EMIT_LOC_STRINGS = YES;
				SWIFT_VERSION = 5.0;
				TARGETED_DEVICE_FAMILY = "1,2";
			};
			name = Debug;
		};
		2C69A788291C9A2F001B3108 /* Release */ = {
			isa = XCBuildConfiguration;
			buildSettings = {
				ASSETCATALOG_COMPILER_APPICON_NAME = AppIcon;
				ASSETCATALOG_COMPILER_GLOBAL_ACCENT_COLOR_NAME = AccentColor;
				CODE_SIGN_STYLE = Automatic;
				CURRENT_PROJECT_VERSION = 1;
				DEVELOPMENT_ASSET_PATHS = "\"ScollPaging/Preview Content\"";
				DEVELOPMENT_TEAM = 6U792A794H;
				ENABLE_PREVIEWS = YES;
				GENERATE_INFOPLIST_FILE = YES;
				INFOPLIST_KEY_UIApplicationSceneManifest_Generation = YES;
				INFOPLIST_KEY_UIApplicationSupportsIndirectInputEvents = YES;
				INFOPLIST_KEY_UILaunchScreen_Generation = YES;
				INFOPLIST_KEY_UISupportedInterfaceOrientations_iPad = "UIInterfaceOrientationPortrait UIInterfaceOrientationPortraitUpsideDown UIInterfaceOrientationLandscapeLeft UIInterfaceOrientationLandscapeRight";
				INFOPLIST_KEY_UISupportedInterfaceOrientations_iPhone = "UIInterfaceOrientationPortrait UIInterfaceOrientationLandscapeLeft UIInterfaceOrientationLandscapeRight";
				LD_RUNPATH_SEARCH_PATHS = (
					"$(inherited)",
					"@executable_path/Frameworks",
				);
				MARKETING_VERSION = 1.0;
				PRODUCT_BUNDLE_IDENTIFIER = com.xho95.ScollPaging;
				PRODUCT_NAME = "$(TARGET_NAME)";
				SWIFT_EMIT_LOC_STRINGS = YES;
				SWIFT_VERSION = 5.0;
				TARGETED_DEVICE_FAMILY = "1,2";
			};
			name = Release;
		};
/* End XCBuildConfiguration section */

/* Begin XCConfigurationList section */
		2C69A773291C9A2E001B3108 /* Build configuration list for PBXProject "ScollPaging" */ = {
			isa = XCConfigurationList;
			buildConfigurations = (
				2C69A784291C9A2F001B3108 /* Debug */,
				2C69A785291C9A2F001B3108 /* Release */,
			);
			defaultConfigurationIsVisible = 0;
			defaultConfigurationName = Release;
		};
		2C69A786291C9A2F001B3108 /* Build configuration list for PBXNativeTarget "ScollPaging" */ = {
			isa = XCConfigurationList;
			buildConfigurations = (
				2C69A787291C9A2F001B3108 /* Debug */,
				2C69A788291C9A2F001B3108 /* Release */,
			);
			defaultConfigurationIsVisible = 0;
			defaultConfigurationName = Release;
		};
/* End XCConfigurationList section */
	};
	rootObject = 2C69A770291C9A2E001B3108 /* Project object */;
}
